# Generated by `agentic sync`. Do not edit.
#
# Every hash below is of a file this harness wrote into the consumer. A
# mismatch means the file changed outside sync, or the harness version
# moved without a re-sync. `agentic sync --check` names which.
{
  "bundles": [
    "core",
    "backend",
    "mobile",
    "infrastructure",
    "product"
  ],
  "files": {
    ".claude/agents/backend-developer.md": "93655f0920a2671390f883f1b3a62efe2ea6fff8745af781cb42152b4b8cb030",
    ".claude/agents/infrastructure-developer.md": "9a17f807473dd425343b2927148bd77f729d0bcf04ac159258217f9edb24670e",
    ".claude/agents/mobile-frontend-developer.md": "24de9f5821f718ae6de81b080e2589d1046c9fe5fde9fc3d3838b0bcb853450d",
    ".claude/agents/product-strategy-analyst.md": "97e9de045c94ef13762a97dc0172033b1842c4f5c45092ae2f5d8f5846b935ad",
    ".claude/commands/opsx/apply.md": "11a6fbbe1be816279ec2b3663007777844e37487c5b095b916fa65daa13cf85f",
    ".claude/commands/opsx/archive.md": "91e26a225f825f00c9d967f71ec5fe8dce65eef64589f741678bd47e7cb65468",
    ".claude/commands/opsx/continue.md": "57b25f0c3a02d6b0192be361a33cf90e997c2cd9ce3072e1bda4353ad6d85ad8",
    ".claude/commands/opsx/explore.md": "41ad4ef8cc82686f8651739d95e0fd14d060cd36a20442f12b9be33bbaeea49b",
    ".claude/commands/opsx/ff.md": "58d3b1bf8dda4106aa84191e720a9b79945912b6619aa004e608541754df5b3a",
    ".claude/commands/opsx/propose.md": "180c536179e786ed3525e86b83eefba862eef7d2117edd1d397dab673a3c7f6c",
    ".claude/commands/opsx/sync.md": "b7c9e07bd64bce4e88ebb70b4ea3b5b7454ee29df6e6488208c27f3d31487ce6",
    ".claude/commands/opsx/verify.md": "0b2555b0ddfe1ebea4aa8d673ca1bca73bbf85f9a1d8ed057aa5e6f34dde311e",
    ".claude/commands/pipeline-preflight.md": "c6f6c528e6a15c66de93ebc8621eb88672008c73e8725fd075972a46f693a649",
    ".claude/skills/adversarial-review/SKILL.md": "8d05d482a98710b11c1cbe57370047fdc624cb997b55c9eb81e2aa2a969b651e",
    ".claude/skills/code-auditing/SKILL.md": "1d4b982acc1af8dddea5552143a0d7fcf4491f65c5666627d1248b56c4a9eafe",
    ".claude/skills/code-auditing/references/audit-methodology.md": "99724a3b2d352b8c8fb5bb5ac7d6b00e6386aa9f089ded7b72501b02b1a3ccf7",
    ".claude/skills/code-auditing/references/dead-code-methodology.md": "ee58f89fdab23f2fc856f21dd4d6b05ccc19c3402b75777e20026acee9a46c9f",
    ".claude/skills/commit/SKILL.md": "44d1a97aade43e50483f15848f003ea653c5176e875e477be3ee2db6c7513d95",
    ".claude/skills/defining-project-quality-gates/SKILL.md": "85ef014abb478cf6ee103ec18a6c9e6205e59a9f0897784c1400d13302557a2a",
    ".claude/skills/defining-project-quality-gates/references/failing-loudly.md": "35ac8b2afd2a6da2790d2f4f87d0fc8a130f27791b81bec3beabab6b840cfc03",
    ".claude/skills/defining-project-quality-gates/references/gate-tiers.md": "c77ecc6a1fd4ff684c5cafc0a6525c9bd6efffd85e93ef57d318c3c4d037b61f",
    ".claude/skills/deploying-backend-vps/SKILL.md": "23bdd7d68607644c73fae65f1241a497e9637cd6d13b9fd4a7a109a05d32b75a",
    ".claude/skills/deploying-backend-vps/references/env-matrix.md": "67768367ff0073e6a5d308bf59e0e583cb3659c76a9cfbdf9cd429eb60e7a52b",
    ".claude/skills/deploying-backend-vps/references/media-and-minio.md": "52f5c6693729b43756a86bb911457a3451f405ff21bc8ff415a60845a7ecf438",
    ".claude/skills/deploying-backend-vps/references/report-template.md": "86fdc21ec111456d0027d6370925af86093e66cec12589694510d722e3873058",
    ".claude/skills/deploying-backend-vps/references/troubleshooting.md": "51959ff5aba3a6729f9d4eac447210b5a54e7891fed4815a7e6a26b22e73c5b4",
    ".claude/skills/dev-environment-parity/SKILL.md": "4b9d789799d4b5a7bf320f832acaef5834040bdbb0665a374822f3da0c65ab1a",
    ".claude/skills/dev-environment-parity/references/local-setup.md": "4e16f9254532137f93858e4dddafdfbd09d32b21081dad9690c253262f38a94b",
    ".claude/skills/enrich-us/SKILL.md": "87e73fcaad60afad4fd51301577da69343d56cc788f0d862aaea7a419e8e3683",
    ".claude/skills/explain/SKILL.md": "6a6a802935c4c32f3f29424bde6c8c00c5a53716100cb77e3c4b4ad38b3980a6",
    ".claude/skills/legacy-seed-removal/SKILL.md": "3e1f47be7226004e077d50e5415a90cc852fc744572b414a9dde2c1ecd918842",
    ".claude/skills/meta-prompt/SKILL.md": "c12d61e681b424ee92a3d71d79fed33651dada1963316de651f3b52c9721caaa",
    ".claude/skills/observability-and-slo/SKILL.md": "ad0129caa05d81e2db7b6dfb338bda88a8fb4484e7f955729c1bc4bf680e729a",
    ".claude/skills/observability-and-slo/references/incident-review.md": "86133cb91bd2d07e0515eeaabfdbf361ab4b0d3af1dec960e63c14e119e4cbef",
    ".claude/skills/openspec-apply-change/SKILL.md": "17a74b46d45325f317e8ac670263a764c3a8ad62270ae15da330c801c01a30e9",
    ".claude/skills/openspec-archive-change/SKILL.md": "0d79043fc5e6d6a0d0144978bfd34c466661baa51d7075c0fb784326eefe7424",
    ".claude/skills/openspec-continue-change/SKILL.md": "c85d4cf3196a11d2ce4c06d5d7d4dd3fe41f7082c6a8437c1d27e5635724b87c",
    ".claude/skills/openspec-explore/SKILL.md": "6b1bbad8ddba10ec5413e3463dc8f3740b21b5a944fb366bcc89e665a7b4e6e3",
    ".claude/skills/openspec-ff-change/SKILL.md": "cd8708254d3a6f39e773f2381b736bc6dff58045fd67ea815c5c784426c52429",
    ".claude/skills/openspec-propose/SKILL.md": "0d6d85d405c3f05052a05670086434839741151b2edbee0ed867e607a002296c",
    ".claude/skills/openspec-sync-specs/SKILL.md": "3d6254f2a2d95ae940b21bcade3d4e8516048b301fc6fed4b20b3826c9104ab4",
    ".claude/skills/openspec-verify-change/SKILL.md": "4ae3f6feb98305ef8be186ecd922912568782f96c445e872965b1c43b3ae5ccd",
    ".claude/skills/promoting-a-build/SKILL.md": "b9a07dde5b77a470e4dc213513e12b8f02f93cdbaa5383af692344884dd34a30",
    ".claude/skills/promoting-a-build/references/artifact-identity.md": "1852f61956c173871be8665b89dc5bb9f505c8b2667d9b0121a4284945a1d594",
    ".claude/skills/promoting-a-build/references/promotion-checklist.md": "774b7655950a16b8401fb19b9d4c3d6362ad22f6c00b37c3507e81d097026870",
    ".claude/skills/promoting-a-build/references/rollback-drill.md": "a19b354d22fb89eb9771e70b92aafd18eb847deca163811902e5a5aade8e284b",
    ".claude/skills/show-spec-working/SKILL.md": "a3b04ff3aba085b65970788c20a20cb07cb4de1e1fe81ce8a3c9cc8a3a0eb4b3",
    ".claude/skills/triaging-spec-debt/SKILL.md": "2348e4e4bb303b5b5e9d674cd4de3244c62467a54f0e46449968a2342823b2f8",
    ".claude/skills/triaging-spec-debt/references/triage-session.md": "57c7f221192c213d905e078c4144154c6a3b48834ddedd7a2b319665b2c39ac8",
    ".claude/skills/update-docs/SKILL.md": "5734343ee4115d4ec149ac481f1da97a85de74a119ff350c62166ca762531840",
    ".claude/skills/using-git-worktrees/SKILL.md": "d9a1660787c30b64ec4e5a0535465ddb4751296151440fd45de627fea6a0f233",
    ".claude/skills/verifying-a-deployment/SKILL.md": "b18dcec8714ef061452bb7b57233101bdf6fc53b988792950a3b227aaf5feaf0",
    ".claude/skills/verifying-a-deployment/references/dependency-failure-modes.md": "06e715d62e06a2e126b3f28c3c3d802f9cf414b903c8ff23064134d142e0e404",
    ".claude/skills/verifying-a-deployment/references/gate-catalog.md": "d8d18483735ce09f466a0e9111c13ff9fa40cb108f9ffe0d6518a47f0530f666",
    ".claude/skills/writing-skills/SKILL.md": "559d735cbf84c3bba76d8838af55a18eaae7b5bc44252197e538cbbb676ec658",
    ".claude/skills/writing-skills/anthropic-best-practices.md": "11b210e586bbd59def83370c9ec955a9ae0c9ca531f161b750462c86d8377ee5",
    ".claude/skills/writing-skills/examples/CLAUDE_MD_TESTING.md": "f9a7b1c21b7c1e412d32da0fb1bb6e37debd411d3bbd6837e4af734dbf99d7ad",
    ".claude/skills/writing-skills/graphviz-conventions.dot": "a63961955c278b69c8cd0ed44d9b4fc99285f003c0b9a32a421eff02cea03030",
    ".claude/skills/writing-skills/persuasion-principles.md": "f39f28d85dc1672551e0d2cc1c42aed96d7e4aaa9918ac926f7217edf259ff4c",
    ".claude/skills/writing-skills/render-graphs.js": "370897119c587964bfd11d11089ccf30a6c49ee4debcb6808a09c05552db6f09",
    ".claude/skills/writing-skills/testing-skills-with-subagents.md": "db75b267c0e5d0a81df4c2d6dbe3a402714dfe641fba17d69fa20731e9ee20d3",
    ".claude/standards/backend.md": "9b0ae4044c813134716f6a06955dd561a881d55dce11d7efb290a34db0df8297",
    ".claude/standards/infrastructure.md": "b1920827b2f8988c068da7b7204ffc012ec79423b6e1dc5beb8fd5f81f6442ea",
    ".claude/standards/mobile-frontend.md": "ddb372d4620fd96605477431481d97c6aca8ffa0f7f01b3df2a1882c6431aae2",
    ".claude/standards/product.md": "70309bd4d03aa508ff7161995400f380b19ac24a1dfd5f2c938a13c9d232549a",
    ".codex/agents/backend-developer.md": "93655f0920a2671390f883f1b3a62efe2ea6fff8745af781cb42152b4b8cb030",
    ".codex/agents/infrastructure-developer.md": "9a17f807473dd425343b2927148bd77f729d0bcf04ac159258217f9edb24670e",
    ".codex/agents/mobile-frontend-developer.md": "24de9f5821f718ae6de81b080e2589d1046c9fe5fde9fc3d3838b0bcb853450d",
    ".codex/agents/product-strategy-analyst.md": "97e9de045c94ef13762a97dc0172033b1842c4f5c45092ae2f5d8f5846b935ad",
    ".codex/prompts/pipeline-preflight.md": "c6f6c528e6a15c66de93ebc8621eb88672008c73e8725fd075972a46f693a649",
    ".codex/skills/adversarial-review/SKILL.md": "8d05d482a98710b11c1cbe57370047fdc624cb997b55c9eb81e2aa2a969b651e",
    ".codex/skills/code-auditing/SKILL.md": "1d4b982acc1af8dddea5552143a0d7fcf4491f65c5666627d1248b56c4a9eafe",
    ".codex/skills/code-auditing/references/audit-methodology.md": "99724a3b2d352b8c8fb5bb5ac7d6b00e6386aa9f089ded7b72501b02b1a3ccf7",
    ".codex/skills/code-auditing/references/dead-code-methodology.md": "ee58f89fdab23f2fc856f21dd4d6b05ccc19c3402b75777e20026acee9a46c9f",
    ".codex/skills/commit/SKILL.md": "44d1a97aade43e50483f15848f003ea653c5176e875e477be3ee2db6c7513d95",
    ".codex/skills/defining-project-quality-gates/SKILL.md": "85ef014abb478cf6ee103ec18a6c9e6205e59a9f0897784c1400d13302557a2a",
    ".codex/skills/defining-project-quality-gates/references/failing-loudly.md": "35ac8b2afd2a6da2790d2f4f87d0fc8a130f27791b81bec3beabab6b840cfc03",
    ".codex/skills/defining-project-quality-gates/references/gate-tiers.md": "c77ecc6a1fd4ff684c5cafc0a6525c9bd6efffd85e93ef57d318c3c4d037b61f",
    ".codex/skills/deploying-backend-vps/SKILL.md": "23bdd7d68607644c73fae65f1241a497e9637cd6d13b9fd4a7a109a05d32b75a",
    ".codex/skills/deploying-backend-vps/references/env-matrix.md": "67768367ff0073e6a5d308bf59e0e583cb3659c76a9cfbdf9cd429eb60e7a52b",
    ".codex/skills/deploying-backend-vps/references/media-and-minio.md": "52f5c6693729b43756a86bb911457a3451f405ff21bc8ff415a60845a7ecf438",
    ".codex/skills/deploying-backend-vps/references/report-template.md": "86fdc21ec111456d0027d6370925af86093e66cec12589694510d722e3873058",
    ".codex/skills/deploying-backend-vps/references/troubleshooting.md": "51959ff5aba3a6729f9d4eac447210b5a54e7891fed4815a7e6a26b22e73c5b4",
    ".codex/skills/dev-environment-parity/SKILL.md": "4b9d789799d4b5a7bf320f832acaef5834040bdbb0665a374822f3da0c65ab1a",
    ".codex/skills/dev-environment-parity/references/local-setup.md": "4e16f9254532137f93858e4dddafdfbd09d32b21081dad9690c253262f38a94b",
    ".codex/skills/enrich-us/SKILL.md": "87e73fcaad60afad4fd51301577da69343d56cc788f0d862aaea7a419e8e3683",
    ".codex/skills/explain/SKILL.md": "6a6a802935c4c32f3f29424bde6c8c00c5a53716100cb77e3c4b4ad38b3980a6",
    ".codex/skills/legacy-seed-removal/SKILL.md": "3e1f47be7226004e077d50e5415a90cc852fc744572b414a9dde2c1ecd918842",
    ".codex/skills/meta-prompt/SKILL.md": "c12d61e681b424ee92a3d71d79fed33651dada1963316de651f3b52c9721caaa",
    ".codex/skills/observability-and-slo/SKILL.md": "ad0129caa05d81e2db7b6dfb338bda88a8fb4484e7f955729c1bc4bf680e729a",
    ".codex/skills/observability-and-slo/references/incident-review.md": "86133cb91bd2d07e0515eeaabfdbf361ab4b0d3af1dec960e63c14e119e4cbef",
    ".codex/skills/openspec-apply-change/SKILL.md": "17a74b46d45325f317e8ac670263a764c3a8ad62270ae15da330c801c01a30e9",
    ".codex/skills/openspec-archive-change/SKILL.md": "0d79043fc5e6d6a0d0144978bfd34c466661baa51d7075c0fb784326eefe7424",
    ".codex/skills/openspec-continue-change/SKILL.md": "c85d4cf3196a11d2ce4c06d5d7d4dd3fe41f7082c6a8437c1d27e5635724b87c",
    ".codex/skills/openspec-explore/SKILL.md": "6b1bbad8ddba10ec5413e3463dc8f3740b21b5a944fb366bcc89e665a7b4e6e3",
    ".codex/skills/openspec-ff-change/SKILL.md": "cd8708254d3a6f39e773f2381b736bc6dff58045fd67ea815c5c784426c52429",
    ".codex/skills/openspec-propose/SKILL.md": "0d6d85d405c3f05052a05670086434839741151b2edbee0ed867e607a002296c",
    ".codex/skills/openspec-sync-specs/SKILL.md": "3d6254f2a2d95ae940b21bcade3d4e8516048b301fc6fed4b20b3826c9104ab4",
    ".codex/skills/openspec-verify-change/SKILL.md": "4ae3f6feb98305ef8be186ecd922912568782f96c445e872965b1c43b3ae5ccd",
    ".codex/skills/promoting-a-build/SKILL.md": "b9a07dde5b77a470e4dc213513e12b8f02f93cdbaa5383af692344884dd34a30",
    ".codex/skills/promoting-a-build/references/artifact-identity.md": "1852f61956c173871be8665b89dc5bb9f505c8b2667d9b0121a4284945a1d594",
    ".codex/skills/promoting-a-build/references/promotion-checklist.md": "774b7655950a16b8401fb19b9d4c3d6362ad22f6c00b37c3507e81d097026870",
    ".codex/skills/promoting-a-build/references/rollback-drill.md": "a19b354d22fb89eb9771e70b92aafd18eb847deca163811902e5a5aade8e284b",
    ".codex/skills/show-spec-working/SKILL.md": "a3b04ff3aba085b65970788c20a20cb07cb4de1e1fe81ce8a3c9cc8a3a0eb4b3",
    ".codex/skills/triaging-spec-debt/SKILL.md": "2348e4e4bb303b5b5e9d674cd4de3244c62467a54f0e46449968a2342823b2f8",
    ".codex/skills/triaging-spec-debt/references/triage-session.md": "57c7f221192c213d905e078c4144154c6a3b48834ddedd7a2b319665b2c39ac8",
    ".codex/skills/update-docs/SKILL.md": "5734343ee4115d4ec149ac481f1da97a85de74a119ff350c62166ca762531840",
    ".codex/skills/using-git-worktrees/SKILL.md": "d9a1660787c30b64ec4e5a0535465ddb4751296151440fd45de627fea6a0f233",
    ".codex/skills/verifying-a-deployment/SKILL.md": "b18dcec8714ef061452bb7b57233101bdf6fc53b988792950a3b227aaf5feaf0",
    ".codex/skills/verifying-a-deployment/references/dependency-failure-modes.md": "06e715d62e06a2e126b3f28c3c3d802f9cf414b903c8ff23064134d142e0e404",
    ".codex/skills/verifying-a-deployment/references/gate-catalog.md": "d8d18483735ce09f466a0e9111c13ff9fa40cb108f9ffe0d6518a47f0530f666",
    ".codex/skills/writing-skills/SKILL.md": "559d735cbf84c3bba76d8838af55a18eaae7b5bc44252197e538cbbb676ec658",
    ".codex/skills/writing-skills/anthropic-best-practices.md": "11b210e586bbd59def83370c9ec955a9ae0c9ca531f161b750462c86d8377ee5",
    ".codex/skills/writing-skills/examples/CLAUDE_MD_TESTING.md": "f9a7b1c21b7c1e412d32da0fb1bb6e37debd411d3bbd6837e4af734dbf99d7ad",
    ".codex/skills/writing-skills/graphviz-conventions.dot": "a63961955c278b69c8cd0ed44d9b4fc99285f003c0b9a32a421eff02cea03030",
    ".codex/skills/writing-skills/persuasion-principles.md": "f39f28d85dc1672551e0d2cc1c42aed96d7e4aaa9918ac926f7217edf259ff4c",
    ".codex/skills/writing-skills/render-graphs.js": "370897119c587964bfd11d11089ccf30a6c49ee4debcb6808a09c05552db6f09",
    ".codex/skills/writing-skills/testing-skills-with-subagents.md": "db75b267c0e5d0a81df4c2d6dbe3a402714dfe641fba17d69fa20731e9ee20d3",
    ".codex/standards/backend.md": "9b0ae4044c813134716f6a06955dd561a881d55dce11d7efb290a34db0df8297",
    ".codex/standards/infrastructure.md": "b1920827b2f8988c068da7b7204ffc012ec79423b6e1dc5beb8fd5f81f6442ea",
    ".codex/standards/mobile-frontend.md": "ddb372d4620fd96605477431481d97c6aca8ffa0f7f01b3df2a1882c6431aae2",
    ".codex/standards/product.md": "70309bd4d03aa508ff7161995400f380b19ac24a1dfd5f2c938a13c9d232549a",
    ".cursor/agents/backend-developer.md": "93655f0920a2671390f883f1b3a62efe2ea6fff8745af781cb42152b4b8cb030",
    ".cursor/agents/infrastructure-developer.md": "9a17f807473dd425343b2927148bd77f729d0bcf04ac159258217f9edb24670e",
    ".cursor/agents/mobile-frontend-developer.md": "24de9f5821f718ae6de81b080e2589d1046c9fe5fde9fc3d3838b0bcb853450d",
    ".cursor/agents/product-strategy-analyst.md": "97e9de045c94ef13762a97dc0172033b1842c4f5c45092ae2f5d8f5846b935ad",
    ".cursor/commands/opsx-apply.md": "1ed64f0a816999152a68610acc914cb4d12f6f354f6d93acdbdb15e6d4985768",
    ".cursor/commands/opsx-archive.md": "25dbe0c64e55d4423e875321f525b0e273f0b6f636287828c510453dabdd96c0",
    ".cursor/commands/opsx-continue.md": "da9234fbb37292d28f9667cf0c5d31b2aa9d698dc71f6a94457e3432d7440cea",
    ".cursor/commands/opsx-explore.md": "1829e781720e2e39712bf8fd2b788bbe0910f296518b7290adce83d856f2b690",
    ".cursor/commands/opsx-ff.md": "6fe4a812bdd8f7a9b1183012582b058dccb6c51aa49e0f6b7743c8075022ca79",
    ".cursor/commands/opsx-propose.md": "7968e9beba905b62867085f694b77963dbe1eab83ea01cc53f88d636add45b3b",
    ".cursor/commands/opsx-sync.md": "c184728e7bd70e8d3cc77bbc689bde403209b16509eec32f43fc655c952a9892",
    ".cursor/commands/opsx-verify.md": "76ca398b78132d4c2094303335e52fd174bba00a96e367a5147c4de871d72162",
    ".cursor/commands/pipeline-preflight.md": "c6f6c528e6a15c66de93ebc8621eb88672008c73e8725fd075972a46f693a649",
    ".cursor/rules/agent.mdc": "8b1f41d031d306a06df249040f574d836d260d55412c075ad20c5b7b93b8e919",
    ".cursor/skills/adversarial-review/SKILL.md": "8d05d482a98710b11c1cbe57370047fdc624cb997b55c9eb81e2aa2a969b651e",
    ".cursor/skills/code-auditing/SKILL.md": "1d4b982acc1af8dddea5552143a0d7fcf4491f65c5666627d1248b56c4a9eafe",
    ".cursor/skills/code-auditing/references/audit-methodology.md": "99724a3b2d352b8c8fb5bb5ac7d6b00e6386aa9f089ded7b72501b02b1a3ccf7",
    ".cursor/skills/code-auditing/references/dead-code-methodology.md": "ee58f89fdab23f2fc856f21dd4d6b05ccc19c3402b75777e20026acee9a46c9f",
    ".cursor/skills/commit/SKILL.md": "44d1a97aade43e50483f15848f003ea653c5176e875e477be3ee2db6c7513d95",
    ".cursor/skills/defining-project-quality-gates/SKILL.md": "85ef014abb478cf6ee103ec18a6c9e6205e59a9f0897784c1400d13302557a2a",
    ".cursor/skills/defining-project-quality-gates/references/failing-loudly.md": "35ac8b2afd2a6da2790d2f4f87d0fc8a130f27791b81bec3beabab6b840cfc03",
    ".cursor/skills/defining-project-quality-gates/references/gate-tiers.md": "c77ecc6a1fd4ff684c5cafc0a6525c9bd6efffd85e93ef57d318c3c4d037b61f",
    ".cursor/skills/deploying-backend-vps/SKILL.md": "23bdd7d68607644c73fae65f1241a497e9637cd6d13b9fd4a7a109a05d32b75a",
    ".cursor/skills/deploying-backend-vps/references/env-matrix.md": "67768367ff0073e6a5d308bf59e0e583cb3659c76a9cfbdf9cd429eb60e7a52b",
    ".cursor/skills/deploying-backend-vps/references/media-and-minio.md": "52f5c6693729b43756a86bb911457a3451f405ff21bc8ff415a60845a7ecf438",
    ".cursor/skills/deploying-backend-vps/references/report-template.md": "86fdc21ec111456d0027d6370925af86093e66cec12589694510d722e3873058",
    ".cursor/skills/deploying-backend-vps/references/troubleshooting.md": "51959ff5aba3a6729f9d4eac447210b5a54e7891fed4815a7e6a26b22e73c5b4",
    ".cursor/skills/dev-environment-parity/SKILL.md": "4b9d789799d4b5a7bf320f832acaef5834040bdbb0665a374822f3da0c65ab1a",
    ".cursor/skills/dev-environment-parity/references/local-setup.md": "4e16f9254532137f93858e4dddafdfbd09d32b21081dad9690c253262f38a94b",
    ".cursor/skills/enrich-us/SKILL.md": "87e73fcaad60afad4fd51301577da69343d56cc788f0d862aaea7a419e8e3683",
    ".cursor/skills/explain/SKILL.md": "6a6a802935c4c32f3f29424bde6c8c00c5a53716100cb77e3c4b4ad38b3980a6",
    ".cursor/skills/legacy-seed-removal/SKILL.md": "3e1f47be7226004e077d50e5415a90cc852fc744572b414a9dde2c1ecd918842",
    ".cursor/skills/meta-prompt/SKILL.md": "c12d61e681b424ee92a3d71d79fed33651dada1963316de651f3b52c9721caaa",
    ".cursor/skills/observability-and-slo/SKILL.md": "ad0129caa05d81e2db7b6dfb338bda88a8fb4484e7f955729c1bc4bf680e729a",
    ".cursor/skills/observability-and-slo/references/incident-review.md": "86133cb91bd2d07e0515eeaabfdbf361ab4b0d3af1dec960e63c14e119e4cbef",
    ".cursor/skills/openspec-apply-change/SKILL.md": "17a74b46d45325f317e8ac670263a764c3a8ad62270ae15da330c801c01a30e9",
    ".cursor/skills/openspec-archive-change/SKILL.md": "0d79043fc5e6d6a0d0144978bfd34c466661baa51d7075c0fb784326eefe7424",
    ".cursor/skills/openspec-continue-change/SKILL.md": "c85d4cf3196a11d2ce4c06d5d7d4dd3fe41f7082c6a8437c1d27e5635724b87c",
    ".cursor/skills/openspec-explore/SKILL.md": "6b1bbad8ddba10ec5413e3463dc8f3740b21b5a944fb366bcc89e665a7b4e6e3",
    ".cursor/skills/openspec-ff-change/SKILL.md": "cd8708254d3a6f39e773f2381b736bc6dff58045fd67ea815c5c784426c52429",
    ".cursor/skills/openspec-propose/SKILL.md": "0d6d85d405c3f05052a05670086434839741151b2edbee0ed867e607a002296c",
    ".cursor/skills/openspec-sync-specs/SKILL.md": "3d6254f2a2d95ae940b21bcade3d4e8516048b301fc6fed4b20b3826c9104ab4",
    ".cursor/skills/openspec-verify-change/SKILL.md": "4ae3f6feb98305ef8be186ecd922912568782f96c445e872965b1c43b3ae5ccd",
    ".cursor/skills/promoting-a-build/SKILL.md": "b9a07dde5b77a470e4dc213513e12b8f02f93cdbaa5383af692344884dd34a30",
    ".cursor/skills/promoting-a-build/references/artifact-identity.md": "1852f61956c173871be8665b89dc5bb9f505c8b2667d9b0121a4284945a1d594",
    ".cursor/skills/promoting-a-build/references/promotion-checklist.md": "774b7655950a16b8401fb19b9d4c3d6362ad22f6c00b37c3507e81d097026870",
    ".cursor/skills/promoting-a-build/references/rollback-drill.md": "a19b354d22fb89eb9771e70b92aafd18eb847deca163811902e5a5aade8e284b",
    ".cursor/skills/show-spec-working/SKILL.md": "a3b04ff3aba085b65970788c20a20cb07cb4de1e1fe81ce8a3c9cc8a3a0eb4b3",
    ".cursor/skills/triaging-spec-debt/SKILL.md": "2348e4e4bb303b5b5e9d674cd4de3244c62467a54f0e46449968a2342823b2f8",
    ".cursor/skills/triaging-spec-debt/references/triage-session.md": "57c7f221192c213d905e078c4144154c6a3b48834ddedd7a2b319665b2c39ac8",
    ".cursor/skills/update-docs/SKILL.md": "5734343ee4115d4ec149ac481f1da97a85de74a119ff350c62166ca762531840",
    ".cursor/skills/using-git-worktrees/SKILL.md": "d9a1660787c30b64ec4e5a0535465ddb4751296151440fd45de627fea6a0f233",
    ".cursor/skills/verifying-a-deployment/SKILL.md": "b18dcec8714ef061452bb7b57233101bdf6fc53b988792950a3b227aaf5feaf0",
    ".cursor/skills/verifying-a-deployment/references/dependency-failure-modes.md": "06e715d62e06a2e126b3f28c3c3d802f9cf414b903c8ff23064134d142e0e404",
    ".cursor/skills/verifying-a-deployment/references/gate-catalog.md": "d8d18483735ce09f466a0e9111c13ff9fa40cb108f9ffe0d6518a47f0530f666",
    ".cursor/skills/writing-skills/SKILL.md": "559d735cbf84c3bba76d8838af55a18eaae7b5bc44252197e538cbbb676ec658",
    ".cursor/skills/writing-skills/anthropic-best-practices.md": "11b210e586bbd59def83370c9ec955a9ae0c9ca531f161b750462c86d8377ee5",
    ".cursor/skills/writing-skills/examples/CLAUDE_MD_TESTING.md": "f9a7b1c21b7c1e412d32da0fb1bb6e37debd411d3bbd6837e4af734dbf99d7ad",
    ".cursor/skills/writing-skills/graphviz-conventions.dot": "a63961955c278b69c8cd0ed44d9b4fc99285f003c0b9a32a421eff02cea03030",
    ".cursor/skills/writing-skills/persuasion-principles.md": "f39f28d85dc1672551e0d2cc1c42aed96d7e4aaa9918ac926f7217edf259ff4c",
    ".cursor/skills/writing-skills/render-graphs.js": "370897119c587964bfd11d11089ccf30a6c49ee4debcb6808a09c05552db6f09",
    ".cursor/skills/writing-skills/testing-skills-with-subagents.md": "db75b267c0e5d0a81df4c2d6dbe3a402714dfe641fba17d69fa20731e9ee20d3",
    ".cursor/standards/backend.md": "9b0ae4044c813134716f6a06955dd561a881d55dce11d7efb290a34db0df8297",
    ".cursor/standards/infrastructure.md": "b1920827b2f8988c068da7b7204ffc012ec79423b6e1dc5beb8fd5f81f6442ea",
    ".cursor/standards/mobile-frontend.md": "ddb372d4620fd96605477431481d97c6aca8ffa0f7f01b3df2a1882c6431aae2",
    ".cursor/standards/product.md": "70309bd4d03aa508ff7161995400f380b19ac24a1dfd5f2c938a13c9d232549a",
    ".gemini/agents/backend-developer.md": "93655f0920a2671390f883f1b3a62efe2ea6fff8745af781cb42152b4b8cb030",
    ".gemini/agents/infrastructure-developer.md": "9a17f807473dd425343b2927148bd77f729d0bcf04ac159258217f9edb24670e",
    ".gemini/agents/mobile-frontend-developer.md": "24de9f5821f718ae6de81b080e2589d1046c9fe5fde9fc3d3838b0bcb853450d",
    ".gemini/agents/product-strategy-analyst.md": "97e9de045c94ef13762a97dc0172033b1842c4f5c45092ae2f5d8f5846b935ad",
    ".gemini/commands/opsx/apply.toml": "f763a6422e49d6bacc2c5dc298c93c3690f8fb860ebd07f599367b1f2bb93e4b",
    ".gemini/commands/opsx/archive.toml": "4759701d7ce10c5aed7734e7513df482412d60db3e78ec8a669ac914b3124356",
    ".gemini/commands/opsx/continue.toml": "9483005489dd81586820741c8ae94fe8e6a32b7658f41c953314693a4402fd45",
    ".gemini/commands/opsx/explore.toml": "0b7b8f0f330334808e076171de21ba93afc6780495645843ba0bf9bff789bed7",
    ".gemini/commands/opsx/ff.toml": "52e07393113e04871e85777554b55d87b2eca761863820dbb2fcd4b2379508c9",
    ".gemini/commands/opsx/propose.toml": "593f8539911157375fd965551ed6a26075a43e134cbebf026339c6f87d9ed210",
    ".gemini/commands/opsx/sync.toml": "dacff8a3ae40cdea672d590c907b64bb41cdcdec2225f255a73661a3d7f6a395",
    ".gemini/commands/opsx/verify.toml": "ac8318d65cf49896903a4461f92a47aaf1a1cea8208fab66e54393a838625d46",
    ".gemini/commands/pipeline-preflight.md": "c6f6c528e6a15c66de93ebc8621eb88672008c73e8725fd075972a46f693a649",
    ".gemini/skills/adversarial-review/SKILL.md": "8d05d482a98710b11c1cbe57370047fdc624cb997b55c9eb81e2aa2a969b651e",
    ".gemini/skills/code-auditing/SKILL.md": "1d4b982acc1af8dddea5552143a0d7fcf4491f65c5666627d1248b56c4a9eafe",
    ".gemini/skills/code-auditing/references/audit-methodology.md": "99724a3b2d352b8c8fb5bb5ac7d6b00e6386aa9f089ded7b72501b02b1a3ccf7",
    ".gemini/skills/code-auditing/references/dead-code-methodology.md": "ee58f89fdab23f2fc856f21dd4d6b05ccc19c3402b75777e20026acee9a46c9f",
    ".gemini/skills/commit/SKILL.md": "44d1a97aade43e50483f15848f003ea653c5176e875e477be3ee2db6c7513d95",
    ".gemini/skills/defining-project-quality-gates/SKILL.md": "85ef014abb478cf6ee103ec18a6c9e6205e59a9f0897784c1400d13302557a2a",
    ".gemini/skills/defining-project-quality-gates/references/failing-loudly.md": "35ac8b2afd2a6da2790d2f4f87d0fc8a130f27791b81bec3beabab6b840cfc03",
    ".gemini/skills/defining-project-quality-gates/references/gate-tiers.md": "c77ecc6a1fd4ff684c5cafc0a6525c9bd6efffd85e93ef57d318c3c4d037b61f",
    ".gemini/skills/deploying-backend-vps/SKILL.md": "23bdd7d68607644c73fae65f1241a497e9637cd6d13b9fd4a7a109a05d32b75a",
    ".gemini/skills/deploying-backend-vps/references/env-matrix.md": "67768367ff0073e6a5d308bf59e0e583cb3659c76a9cfbdf9cd429eb60e7a52b",
    ".gemini/skills/deploying-backend-vps/references/media-and-minio.md": "52f5c6693729b43756a86bb911457a3451f405ff21bc8ff415a60845a7ecf438",
    ".gemini/skills/deploying-backend-vps/references/report-template.md": "86fdc21ec111456d0027d6370925af86093e66cec12589694510d722e3873058",
    ".gemini/skills/deploying-backend-vps/references/troubleshooting.md": "51959ff5aba3a6729f9d4eac447210b5a54e7891fed4815a7e6a26b22e73c5b4",
    ".gemini/skills/dev-environment-parity/SKILL.md": "4b9d789799d4b5a7bf320f832acaef5834040bdbb0665a374822f3da0c65ab1a",
    ".gemini/skills/dev-environment-parity/references/local-setup.md": "4e16f9254532137f93858e4dddafdfbd09d32b21081dad9690c253262f38a94b",
    ".gemini/skills/enrich-us/SKILL.md": "87e73fcaad60afad4fd51301577da69343d56cc788f0d862aaea7a419e8e3683",
    ".gemini/skills/explain/SKILL.md": "6a6a802935c4c32f3f29424bde6c8c00c5a53716100cb77e3c4b4ad38b3980a6",
    ".gemini/skills/legacy-seed-removal/SKILL.md": "3e1f47be7226004e077d50e5415a90cc852fc744572b414a9dde2c1ecd918842",
    ".gemini/skills/meta-prompt/SKILL.md": "c12d61e681b424ee92a3d71d79fed33651dada1963316de651f3b52c9721caaa",
    ".gemini/skills/observability-and-slo/SKILL.md": "ad0129caa05d81e2db7b6dfb338bda88a8fb4484e7f955729c1bc4bf680e729a",
    ".gemini/skills/observability-and-slo/references/incident-review.md": "86133cb91bd2d07e0515eeaabfdbf361ab4b0d3af1dec960e63c14e119e4cbef",
    ".gemini/skills/openspec-apply-change/SKILL.md": "17a74b46d45325f317e8ac670263a764c3a8ad62270ae15da330c801c01a30e9",
    ".gemini/skills/openspec-archive-change/SKILL.md": "0d79043fc5e6d6a0d0144978bfd34c466661baa51d7075c0fb784326eefe7424",
    ".gemini/skills/openspec-continue-change/SKILL.md": "c85d4cf3196a11d2ce4c06d5d7d4dd3fe41f7082c6a8437c1d27e5635724b87c",
    ".gemini/skills/openspec-explore/SKILL.md": "6b1bbad8ddba10ec5413e3463dc8f3740b21b5a944fb366bcc89e665a7b4e6e3",
    ".gemini/skills/openspec-ff-change/SKILL.md": "cd8708254d3a6f39e773f2381b736bc6dff58045fd67ea815c5c784426c52429",
    ".gemini/skills/openspec-propose/SKILL.md": "0d6d85d405c3f05052a05670086434839741151b2edbee0ed867e607a002296c",
    ".gemini/skills/openspec-sync-specs/SKILL.md": "3d6254f2a2d95ae940b21bcade3d4e8516048b301fc6fed4b20b3826c9104ab4",
    ".gemini/skills/openspec-verify-change/SKILL.md": "4ae3f6feb98305ef8be186ecd922912568782f96c445e872965b1c43b3ae5ccd",
    ".gemini/skills/promoting-a-build/SKILL.md": "b9a07dde5b77a470e4dc213513e12b8f02f93cdbaa5383af692344884dd34a30",
    ".gemini/skills/promoting-a-build/references/artifact-identity.md": "1852f61956c173871be8665b89dc5bb9f505c8b2667d9b0121a4284945a1d594",
    ".gemini/skills/promoting-a-build/references/promotion-checklist.md": "774b7655950a16b8401fb19b9d4c3d6362ad22f6c00b37c3507e81d097026870",
    ".gemini/skills/promoting-a-build/references/rollback-drill.md": "a19b354d22fb89eb9771e70b92aafd18eb847deca163811902e5a5aade8e284b",
    ".gemini/skills/show-spec-working/SKILL.md": "a3b04ff3aba085b65970788c20a20cb07cb4de1e1fe81ce8a3c9cc8a3a0eb4b3",
    ".gemini/skills/triaging-spec-debt/SKILL.md": "2348e4e4bb303b5b5e9d674cd4de3244c62467a54f0e46449968a2342823b2f8",
    ".gemini/skills/triaging-spec-debt/references/triage-session.md": "57c7f221192c213d905e078c4144154c6a3b48834ddedd7a2b319665b2c39ac8",
    ".gemini/skills/update-docs/SKILL.md": "5734343ee4115d4ec149ac481f1da97a85de74a119ff350c62166ca762531840",
    ".gemini/skills/using-git-worktrees/SKILL.md": "d9a1660787c30b64ec4e5a0535465ddb4751296151440fd45de627fea6a0f233",
    ".gemini/skills/verifying-a-deployment/SKILL.md": "b18dcec8714ef061452bb7b57233101bdf6fc53b988792950a3b227aaf5feaf0",
    ".gemini/skills/verifying-a-deployment/references/dependency-failure-modes.md": "06e715d62e06a2e126b3f28c3c3d802f9cf414b903c8ff23064134d142e0e404",
    ".gemini/skills/verifying-a-deployment/references/gate-catalog.md": "d8d18483735ce09f466a0e9111c13ff9fa40cb108f9ffe0d6518a47f0530f666",
    ".gemini/skills/writing-skills/SKILL.md": "559d735cbf84c3bba76d8838af55a18eaae7b5bc44252197e538cbbb676ec658",
    ".gemini/skills/writing-skills/anthropic-best-practices.md": "11b210e586bbd59def83370c9ec955a9ae0c9ca531f161b750462c86d8377ee5",
    ".gemini/skills/writing-skills/examples/CLAUDE_MD_TESTING.md": "f9a7b1c21b7c1e412d32da0fb1bb6e37debd411d3bbd6837e4af734dbf99d7ad",
    ".gemini/skills/writing-skills/graphviz-conventions.dot": "a63961955c278b69c8cd0ed44d9b4fc99285f003c0b9a32a421eff02cea03030",
    ".gemini/skills/writing-skills/persuasion-principles.md": "f39f28d85dc1672551e0d2cc1c42aed96d7e4aaa9918ac926f7217edf259ff4c",
    ".gemini/skills/writing-skills/render-graphs.js": "370897119c587964bfd11d11089ccf30a6c49ee4debcb6808a09c05552db6f09",
    ".gemini/skills/writing-skills/testing-skills-with-subagents.md": "db75b267c0e5d0a81df4c2d6dbe3a402714dfe641fba17d69fa20731e9ee20d3",
    ".gemini/standards/backend.md": "9b0ae4044c813134716f6a06955dd561a881d55dce11d7efb290a34db0df8297",
    ".gemini/standards/infrastructure.md": "b1920827b2f8988c068da7b7204ffc012ec79423b6e1dc5beb8fd5f81f6442ea",
    ".gemini/standards/mobile-frontend.md": "ddb372d4620fd96605477431481d97c6aca8ffa0f7f01b3df2a1882c6431aae2",
    ".gemini/standards/product.md": "70309bd4d03aa508ff7161995400f380b19ac24a1dfd5f2c938a13c9d232549a",
    ".opencode/agent/backend-developer.md": "9feedbff9b51e0ae800d9c1e612783f96848fd80aa76c7fcb3d7cbabd3d6eba8",
    ".opencode/agent/infrastructure-developer.md": "91651239731a9b99a096aab433d5b3437345fa2c89fdb73c89626a6bed5e5140",
    ".opencode/agent/mobile-frontend-developer.md": "eb1c081ed4c5a5cc9286b5b58f6164e66d991566fce089dfb893b4eb217b4d45",
    ".opencode/agent/product-strategy-analyst.md": "8830b1dc87c74671d55c8ca3875cf35eba4f6086976ef3817fc982fc275b9194",
    ".opencode/commands/opsx-apply.md": "69c674220c6cb3b514f4a335e93b05edf0e733e028440631218e55788e8e0521",
    ".opencode/commands/opsx-archive.md": "5efccad3c28492f3c16891b7eb8e7fadda697a8b6603b8444c3ea43732a70705",
    ".opencode/commands/opsx-continue.md": "cd99493c206cec2cd5b5b98b8a593fae1b6048c54f19be77cfd86f8f76a83b50",
    ".opencode/commands/opsx-explore.md": "2ef1d19f5dee1e12fecdff57db9900367c02a37127052060f46879a1f56e952d",
    ".opencode/commands/opsx-ff.md": "cbbc0ef8c34d67b09db03048ce3e159eed2e9ac760817ec2c9b78b98ee640e6f",
    ".opencode/commands/opsx-propose.md": "0cfe52771f1da3bd17355ff753cd80bc7f3f10790691ed2153e4ef89bc60e1dc",
    ".opencode/commands/opsx-sync.md": "f5299ebb3bd05116da462e78cb60ca69c2490903b59230f0a3d82bbf3b2985ea",
    ".opencode/commands/opsx-verify.md": "b644299b65cf3c26a9f746606ab3d332d5fb85657883b04064375ec9c26d1756",
    ".opencode/commands/pipeline-preflight.md": "c6f6c528e6a15c66de93ebc8621eb88672008c73e8725fd075972a46f693a649",
    ".opencode/skills/adversarial-review/SKILL.md": "8d05d482a98710b11c1cbe57370047fdc624cb997b55c9eb81e2aa2a969b651e",
    ".opencode/skills/code-auditing/SKILL.md": "1d4b982acc1af8dddea5552143a0d7fcf4491f65c5666627d1248b56c4a9eafe",
    ".opencode/skills/code-auditing/references/audit-methodology.md": "99724a3b2d352b8c8fb5bb5ac7d6b00e6386aa9f089ded7b72501b02b1a3ccf7",
    ".opencode/skills/code-auditing/references/dead-code-methodology.md": "ee58f89fdab23f2fc856f21dd4d6b05ccc19c3402b75777e20026acee9a46c9f",
    ".opencode/skills/commit/SKILL.md": "44d1a97aade43e50483f15848f003ea653c5176e875e477be3ee2db6c7513d95",
    ".opencode/skills/defining-project-quality-gates/SKILL.md": "85ef014abb478cf6ee103ec18a6c9e6205e59a9f0897784c1400d13302557a2a",
    ".opencode/skills/defining-project-quality-gates/references/failing-loudly.md": "35ac8b2afd2a6da2790d2f4f87d0fc8a130f27791b81bec3beabab6b840cfc03",
    ".opencode/skills/defining-project-quality-gates/references/gate-tiers.md": "c77ecc6a1fd4ff684c5cafc0a6525c9bd6efffd85e93ef57d318c3c4d037b61f",
    ".opencode/skills/deploying-backend-vps/SKILL.md": "23bdd7d68607644c73fae65f1241a497e9637cd6d13b9fd4a7a109a05d32b75a",
    ".opencode/skills/deploying-backend-vps/references/env-matrix.md": "67768367ff0073e6a5d308bf59e0e583cb3659c76a9cfbdf9cd429eb60e7a52b",
    ".opencode/skills/deploying-backend-vps/references/media-and-minio.md": "52f5c6693729b43756a86bb911457a3451f405ff21bc8ff415a60845a7ecf438",
    ".opencode/skills/deploying-backend-vps/references/report-template.md": "86fdc21ec111456d0027d6370925af86093e66cec12589694510d722e3873058",
    ".opencode/skills/deploying-backend-vps/references/troubleshooting.md": "51959ff5aba3a6729f9d4eac447210b5a54e7891fed4815a7e6a26b22e73c5b4",
    ".opencode/skills/dev-environment-parity/SKILL.md": "4b9d789799d4b5a7bf320f832acaef5834040bdbb0665a374822f3da0c65ab1a",
    ".opencode/skills/dev-environment-parity/references/local-setup.md": "4e16f9254532137f93858e4dddafdfbd09d32b21081dad9690c253262f38a94b",
    ".opencode/skills/enrich-us/SKILL.md": "87e73fcaad60afad4fd51301577da69343d56cc788f0d862aaea7a419e8e3683",
    ".opencode/skills/explain/SKILL.md": "6a6a802935c4c32f3f29424bde6c8c00c5a53716100cb77e3c4b4ad38b3980a6",
    ".opencode/skills/legacy-seed-removal/SKILL.md": "3e1f47be7226004e077d50e5415a90cc852fc744572b414a9dde2c1ecd918842",
    ".opencode/skills/meta-prompt/SKILL.md": "c12d61e681b424ee92a3d71d79fed33651dada1963316de651f3b52c9721caaa",
    ".opencode/skills/observability-and-slo/SKILL.md": "ad0129caa05d81e2db7b6dfb338bda88a8fb4484e7f955729c1bc4bf680e729a",
    ".opencode/skills/observability-and-slo/references/incident-review.md": "86133cb91bd2d07e0515eeaabfdbf361ab4b0d3af1dec960e63c14e119e4cbef",
    ".opencode/skills/openspec-apply-change/SKILL.md": "3c0975c8ae61bb31466788b4eefc926c056c0b150bc32de2d9f419506d77ffaf",
    ".opencode/skills/openspec-archive-change/SKILL.md": "0d79043fc5e6d6a0d0144978bfd34c466661baa51d7075c0fb784326eefe7424",
    ".opencode/skills/openspec-continue-change/SKILL.md": "c85d4cf3196a11d2ce4c06d5d7d4dd3fe41f7082c6a8437c1d27e5635724b87c",
    ".opencode/skills/openspec-explore/SKILL.md": "a01642abbdf965ec85b6ed8d3647f54003100f4e5bb7337f66aecbdbcf78f58b",
    ".opencode/skills/openspec-ff-change/SKILL.md": "03413de198c299127c0a1145eda56958c4c18d9b994bbd251e7cec9c9015c7e9",
    ".opencode/skills/openspec-propose/SKILL.md": "03dfb58b448466489d98e8de943298ffd6cdde293abaf96ab88615a990a25ca8",
    ".opencode/skills/openspec-sync-specs/SKILL.md": "3d6254f2a2d95ae940b21bcade3d4e8516048b301fc6fed4b20b3826c9104ab4",
    ".opencode/skills/openspec-verify-change/SKILL.md": "4ae3f6feb98305ef8be186ecd922912568782f96c445e872965b1c43b3ae5ccd",
    ".opencode/skills/promoting-a-build/SKILL.md": "b9a07dde5b77a470e4dc213513e12b8f02f93cdbaa5383af692344884dd34a30",
    ".opencode/skills/promoting-a-build/references/artifact-identity.md": "1852f61956c173871be8665b89dc5bb9f505c8b2667d9b0121a4284945a1d594",
    ".opencode/skills/promoting-a-build/references/promotion-checklist.md": "774b7655950a16b8401fb19b9d4c3d6362ad22f6c00b37c3507e81d097026870",
    ".opencode/skills/promoting-a-build/references/rollback-drill.md": "a19b354d22fb89eb9771e70b92aafd18eb847deca163811902e5a5aade8e284b",
    ".opencode/skills/show-spec-working/SKILL.md": "a3b04ff3aba085b65970788c20a20cb07cb4de1e1fe81ce8a3c9cc8a3a0eb4b3",
    ".opencode/skills/triaging-spec-debt/SKILL.md": "2348e4e4bb303b5b5e9d674cd4de3244c62467a54f0e46449968a2342823b2f8",
    ".opencode/skills/triaging-spec-debt/references/triage-session.md": "57c7f221192c213d905e078c4144154c6a3b48834ddedd7a2b319665b2c39ac8",
    ".opencode/skills/update-docs/SKILL.md": "5734343ee4115d4ec149ac481f1da97a85de74a119ff350c62166ca762531840",
    ".opencode/skills/using-git-worktrees/SKILL.md": "d9a1660787c30b64ec4e5a0535465ddb4751296151440fd45de627fea6a0f233",
    ".opencode/skills/verifying-a-deployment/SKILL.md": "b18dcec8714ef061452bb7b57233101bdf6fc53b988792950a3b227aaf5feaf0",
    ".opencode/skills/verifying-a-deployment/references/dependency-failure-modes.md": "06e715d62e06a2e126b3f28c3c3d802f9cf414b903c8ff23064134d142e0e404",
    ".opencode/skills/verifying-a-deployment/references/gate-catalog.md": "d8d18483735ce09f466a0e9111c13ff9fa40cb108f9ffe0d6518a47f0530f666",
    ".opencode/skills/writing-skills/SKILL.md": "559d735cbf84c3bba76d8838af55a18eaae7b5bc44252197e538cbbb676ec658",
    ".opencode/skills/writing-skills/anthropic-best-practices.md": "11b210e586bbd59def83370c9ec955a9ae0c9ca531f161b750462c86d8377ee5",
    ".opencode/skills/writing-skills/examples/CLAUDE_MD_TESTING.md": "f9a7b1c21b7c1e412d32da0fb1bb6e37debd411d3bbd6837e4af734dbf99d7ad",
    ".opencode/skills/writing-skills/graphviz-conventions.dot": "a63961955c278b69c8cd0ed44d9b4fc99285f003c0b9a32a421eff02cea03030",
    ".opencode/skills/writing-skills/persuasion-principles.md": "f39f28d85dc1672551e0d2cc1c42aed96d7e4aaa9918ac926f7217edf259ff4c",
    ".opencode/skills/writing-skills/render-graphs.js": "370897119c587964bfd11d11089ccf30a6c49ee4debcb6808a09c05552db6f09",
    ".opencode/skills/writing-skills/testing-skills-with-subagents.md": "db75b267c0e5d0a81df4c2d6dbe3a402714dfe641fba17d69fa20731e9ee20d3",
    ".opencode/standards/backend.md": "9b0ae4044c813134716f6a06955dd561a881d55dce11d7efb290a34db0df8297",
    ".opencode/standards/infrastructure.md": "b1920827b2f8988c068da7b7204ffc012ec79423b6e1dc5beb8fd5f81f6442ea",
    ".opencode/standards/mobile-frontend.md": "ddb372d4620fd96605477431481d97c6aca8ffa0f7f01b3df2a1882c6431aae2",
    ".opencode/standards/product.md": "70309bd4d03aa508ff7161995400f380b19ac24a1dfd5f2c938a13c9d232549a",
    "AGENTS.md": "c9ae195c1b3fae51f446e875fcccfb64c4a34b3a33610d6140eff9da26f5c5d1",
    "CLAUDE.md": "13bcc4392cea24a6a37fadfd4b5499d0ef90a9b5ec5467be1c6c6a49c18f9bff",
    "GEMINI.md": "c679d99e3d37c05c68b09cc14e086fb8130c978e755787eb304cc4bc7fcd3a95",
    "codex.md": "0fb71df687d3797ace1511082e63e7bdd3264a076b25d42d573dfbd83ffbeb87"
  },
  "harness": "1.6.1",
  "openspec": "1.4.1",
  "targets": [
    "claude",
    "codex",
    "cursor",
    "gemini",
    "opencode"
  ]
}
