# Generated by `agentic sync`. Do not edit.
#
# Every hash below is of a file this harness wrote into the consumer. A
# mismatch means the file changed outside sync, or the harness version
# moved without a re-sync. `agentic sync --check` names which.
{
  "bundles": [
    "core",
    "backend",
    "mobile",
    "infrastructure",
    "product"
  ],
  "files": {
    ".claude/agents/backend-developer.md": "f698a4781746e608f8ef3d94de8c8828b9a41d53c40c0661e1c6589bd7b9b76c",
    ".claude/agents/infrastructure-developer.md": "28da6e5384ee9c74122c1f5f2e7444e182a81cd036074cf40df76a42700df41b",
    ".claude/agents/mobile-frontend-developer.md": "c4b5cdd89fcde7652bbba1d782d7dd5c338185943f39716c9cddde8f13d2a2e0",
    ".claude/agents/product-strategy-analyst.md": "9b20ee8dd0577adf4085e77fe7a80c128d44701d51330dec6dd36ef66b708143",
    ".claude/commands/opsx/apply.md": "26c784db3dcb953723115214019a60f83404c9eff5fac1d96d16e675f2f63b82",
    ".claude/commands/opsx/archive.md": "460c6b97835379ddd81b0d5cba6452839cfbbad05a1fa44bb20099e72b00186f",
    ".claude/commands/opsx/continue.md": "56c68ee003b9a4afb238a35b8fa289e7bb79a73a56322051e553f819b609282c",
    ".claude/commands/opsx/explore.md": "379eceae63c788a2ffc455e5986eb8406a56c09335218c9c8eddff55034fb72f",
    ".claude/commands/opsx/ff.md": "d0485b0ef5d9500c7aee6570d9738432738d898a76578108553fdacf83786954",
    ".claude/commands/opsx/propose.md": "4e0e95dce4ba7b40420208a067ebad34e2a054f607c5987915caa73c10de7055",
    ".claude/commands/opsx/sync.md": "f94cd4e18bdbef979aff7aaf2f471dd216da298f59f994b5e25216e0da3e66a5",
    ".claude/commands/opsx/verify.md": "16b0614d287e28ba0bae6fe52593bee849f9c3beb6a2d9e3429ce8525b9b51d3",
    ".claude/commands/pipeline-preflight.md": "99113ab41e2639fe6a62a64d7c4275e87db14827d9379fda24d34d88a2b46762",
    ".claude/skills/adversarial-review/SKILL.md": "70fbcf90fd858fc4bb07c834b3f315ce1b7e5316c46bfa0061bf0438c365e739",
    ".claude/skills/code-auditing/SKILL.md": "818d1714361e3c6ff6f47d770e857a0b4d81df96a4cad4efd1572fd5d919cc2f",
    ".claude/skills/code-auditing/references/audit-methodology.md": "dd1fb9087a6747022c547f46f24e48c9dbc0f7d22c38e7263a862a2f37a530c3",
    ".claude/skills/code-auditing/references/dead-code-methodology.md": "d3609a67d8f49b18cab93bfaba26ace6e31c45e39c83ef6d266a8be022b9e6e1",
    ".claude/skills/commit/SKILL.md": "839037725fdc3fd9e917238b260da50ab5bfbff231a80fd7f197336cec259e9a",
    ".claude/skills/defining-project-quality-gates/SKILL.md": "b76f96836be224b986d1cf38cae4f47c1956f6361f192bd9c854226c35f9bb80",
    ".claude/skills/defining-project-quality-gates/references/failing-loudly.md": "b71580e33dc51b4c8264524355fed82c8aa32d4f61cb40cda091556a18b9398d",
    ".claude/skills/defining-project-quality-gates/references/gate-tiers.md": "f0e6d9e78f959c469a89908efc300add33fd7c68d4d39ebf4f71ef895d17d2bb",
    ".claude/skills/deploying-backend-vps/SKILL.md": "aeb950ac4c69f852ce36f28a98f37ae5d0a0600bee424cfd2de73d26dea20fe6",
    ".claude/skills/deploying-backend-vps/references/env-matrix.md": "e6b87cd34f5cc1cdaaff5376e81cd026baa3c25e375447df2058bdad7cc9e26e",
    ".claude/skills/deploying-backend-vps/references/media-and-minio.md": "9486a1b9d3b504a92d7a9ca7025b9f293cd091f2dedcf05d04a20da58f9d8978",
    ".claude/skills/deploying-backend-vps/references/report-template.md": "f34ba110c5f2b9cc1d4ad325d9599da7ca1034e1f0da2b8d9cc3f9f1bc1e49c3",
    ".claude/skills/deploying-backend-vps/references/troubleshooting.md": "5b50f4539af671f6e3ef6e724e8a30864a5f25cc2f38153054e8be032e68027e",
    ".claude/skills/dev-environment-parity/SKILL.md": "a37a0aaa6ad5caa0db49da33e84567d4aa8eb872111ace110e9a0211a8ed89a5",
    ".claude/skills/dev-environment-parity/references/local-setup.md": "0da304360c54cb0183e3ef7492db7f37782c98629aea6c220239a97c21390de4",
    ".claude/skills/enrich-us/SKILL.md": "1ddb68c93ea783349c9effbccfd278e9349fd2e1b38149286c09faa2b07edf46",
    ".claude/skills/explain/SKILL.md": "eb6a612355f6e5eb969572924b68f0ff256fdbc3ff93c5fec9b6c3dca818b98f",
    ".claude/skills/legacy-seed-removal/SKILL.md": "00bcb4f6b4a50beae025e396a581ef56fe2f837fe58ec0f0c0c2253a7b20daac",
    ".claude/skills/meta-prompt/SKILL.md": "b4ca59b964769fceccd75b34c507a3149e9caae2315ca2e909b7eb25e544cb1c",
    ".claude/skills/observability-and-slo/SKILL.md": "665e01f7a3a962c29db76416c708eedd604813d710a1abdd31c032df6f8fd6a9",
    ".claude/skills/observability-and-slo/references/incident-review.md": "03e30e38569070f55ec0e2ba6fd78030f9265187f224fd6ce9a27eef01e1b70b",
    ".claude/skills/openspec-apply-change/SKILL.md": "7aa305a7b6c43c7ee13236e99827a8aadc3f1c29b1a64a4359aa7ae191b99493",
    ".claude/skills/openspec-archive-change/SKILL.md": "ce453789fc3205c9ffe4bcbf8a0196823cca7b895332b5177babcb849009baa7",
    ".claude/skills/openspec-continue-change/SKILL.md": "a3aacc5154de0a0668a13dcb0462126a59dd272d70c8fb9460c5b2e24889286f",
    ".claude/skills/openspec-explore/SKILL.md": "a433437c57459266290518a9a988be60a401563b4a4ab16d6e18161650bf378b",
    ".claude/skills/openspec-ff-change/SKILL.md": "9066f4374ddca55a3134f097185870c4ca6a33d2758b1707a9ff54d4609e52e5",
    ".claude/skills/openspec-propose/SKILL.md": "4aa48870fad6c8183ade246bb5e01f55e22ec105115049b19d88f1be88f93124",
    ".claude/skills/openspec-sync-specs/SKILL.md": "c7e7690a210c6df5a14139919180c9735a9f25ac9bbda8e2ff0704bd774dd792",
    ".claude/skills/openspec-verify-change/SKILL.md": "522c0fc9d34d22e67d5272b02fe66faadfd97b218d9a3f19a4c9572f9525b775",
    ".claude/skills/promoting-a-build/SKILL.md": "7c89cfcf7d20b79c2787265d82b3f3a65f929f67c369ab6cd13d0efd50e86fe1",
    ".claude/skills/promoting-a-build/references/artifact-identity.md": "70e3f185a2e1132985080a231090e16649cabb8bdffc19bc22b340c33b9dc5bf",
    ".claude/skills/promoting-a-build/references/promotion-checklist.md": "0dd3a6dbfdf391c2a3b1fae83fb03bf5db50dbecc93e61de70272c2feb9ca741",
    ".claude/skills/promoting-a-build/references/rollback-drill.md": "ea4dbd1efcc8b9fbf378e76614e503de20684b9c63725c13a856b23e71acccfd",
    ".claude/skills/show-spec-working/SKILL.md": "c71398a0ceae683de79294af0e17d44f418179eb55ab937967a8976956d11f8a",
    ".claude/skills/triaging-spec-debt/SKILL.md": "c30cf2468b267c9e79a86cdabae7494299782fee3432c7342662dc342f418f71",
    ".claude/skills/triaging-spec-debt/references/triage-session.md": "b10063248b527d9d3f0bec596fa4ca694248c8321615b73a4837ed7b01857532",
    ".claude/skills/update-docs/SKILL.md": "d2a804e2baf24c659e9e98ccf49ea57496f6be13e6e7c2826c8fe542fcd63452",
    ".claude/skills/using-git-worktrees/SKILL.md": "268b43a1092e0a53cad6951e42dee8744191ee9c7ace30ef77cf496b348aa439",
    ".claude/skills/verifying-a-deployment/SKILL.md": "c9f8a4330955f9afe2d03386e7f785907792f5b476a027bb9fa4ad90e84f757e",
    ".claude/skills/verifying-a-deployment/references/dependency-failure-modes.md": "8e8a26909691254138356c6b150ec9fc748d93ce14056a42a119fced81eb4863",
    ".claude/skills/verifying-a-deployment/references/gate-catalog.md": "b4e27dc655e0a26203b1b483999f4f1723fb4af9839f0156c4dc29aeccaecac1",
    ".claude/skills/writing-skills/SKILL.md": "bbf7ae668dce5dd1eec7d39d08292e80cb599c3401c2616f46c55cfe5b045f28",
    ".claude/skills/writing-skills/anthropic-best-practices.md": "ba615092c840ed048ba35e5fd799810a50355f0058b312e929eac459196abd1b",
    ".claude/skills/writing-skills/examples/CLAUDE_MD_TESTING.md": "e4ba28d4f27415827d8c387e53f3aa3336cab45ec67eb3fc122d877a7a543de3",
    ".claude/skills/writing-skills/graphviz-conventions.dot": "b8c613ca2398a5e2037308ce06b0b8bee9f4ae4701b236d74de6b5cfb5535d07",
    ".claude/skills/writing-skills/persuasion-principles.md": "22202b4b20d42c423b5078cbb68f9a4ba3de74607626a67ebbf526df4a75adb3",
    ".claude/skills/writing-skills/render-graphs.js": "d1fd269f9febc46c7e3deb21617ef8a02a7440f181d3dc4326db3b4101cbedc6",
    ".claude/skills/writing-skills/testing-skills-with-subagents.md": "12a4e2b85493983b1faee9ba082e3ffb8bf5823fa39105b6d20ec4aae091afe6",
    ".claude/standards/backend.md": "9d3fcf128ab2ed97530e3b006b4deca0f71a910cfb9419f40aa6f0980605fbfe",
    ".claude/standards/infrastructure.md": "b7049154d41ad1b11c73c70601c8317e3ab56942d43fedcf8d4c5da5c0ed31a0",
    ".claude/standards/mobile-frontend.md": "112c0cad455822793213920e0e77bff01751fc874662cdf763fa087a8b85ffb8",
    ".claude/standards/product.md": "b6ce74aef32506dcfcf00e3bee7142cbcf721cbf1f3ee29ff884fe687c05a2fd",
    ".codex/agents/backend-developer.md": "f698a4781746e608f8ef3d94de8c8828b9a41d53c40c0661e1c6589bd7b9b76c",
    ".codex/agents/infrastructure-developer.md": "28da6e5384ee9c74122c1f5f2e7444e182a81cd036074cf40df76a42700df41b",
    ".codex/agents/mobile-frontend-developer.md": "c4b5cdd89fcde7652bbba1d782d7dd5c338185943f39716c9cddde8f13d2a2e0",
    ".codex/agents/product-strategy-analyst.md": "9b20ee8dd0577adf4085e77fe7a80c128d44701d51330dec6dd36ef66b708143",
    ".codex/prompts/pipeline-preflight.md": "99113ab41e2639fe6a62a64d7c4275e87db14827d9379fda24d34d88a2b46762",
    ".codex/skills/adversarial-review/SKILL.md": "70fbcf90fd858fc4bb07c834b3f315ce1b7e5316c46bfa0061bf0438c365e739",
    ".codex/skills/code-auditing/SKILL.md": "818d1714361e3c6ff6f47d770e857a0b4d81df96a4cad4efd1572fd5d919cc2f",
    ".codex/skills/code-auditing/references/audit-methodology.md": "dd1fb9087a6747022c547f46f24e48c9dbc0f7d22c38e7263a862a2f37a530c3",
    ".codex/skills/code-auditing/references/dead-code-methodology.md": "d3609a67d8f49b18cab93bfaba26ace6e31c45e39c83ef6d266a8be022b9e6e1",
    ".codex/skills/commit/SKILL.md": "839037725fdc3fd9e917238b260da50ab5bfbff231a80fd7f197336cec259e9a",
    ".codex/skills/defining-project-quality-gates/SKILL.md": "b76f96836be224b986d1cf38cae4f47c1956f6361f192bd9c854226c35f9bb80",
    ".codex/skills/defining-project-quality-gates/references/failing-loudly.md": "b71580e33dc51b4c8264524355fed82c8aa32d4f61cb40cda091556a18b9398d",
    ".codex/skills/defining-project-quality-gates/references/gate-tiers.md": "f0e6d9e78f959c469a89908efc300add33fd7c68d4d39ebf4f71ef895d17d2bb",
    ".codex/skills/deploying-backend-vps/SKILL.md": "aeb950ac4c69f852ce36f28a98f37ae5d0a0600bee424cfd2de73d26dea20fe6",
    ".codex/skills/deploying-backend-vps/references/env-matrix.md": "e6b87cd34f5cc1cdaaff5376e81cd026baa3c25e375447df2058bdad7cc9e26e",
    ".codex/skills/deploying-backend-vps/references/media-and-minio.md": "9486a1b9d3b504a92d7a9ca7025b9f293cd091f2dedcf05d04a20da58f9d8978",
    ".codex/skills/deploying-backend-vps/references/report-template.md": "f34ba110c5f2b9cc1d4ad325d9599da7ca1034e1f0da2b8d9cc3f9f1bc1e49c3",
    ".codex/skills/deploying-backend-vps/references/troubleshooting.md": "5b50f4539af671f6e3ef6e724e8a30864a5f25cc2f38153054e8be032e68027e",
    ".codex/skills/dev-environment-parity/SKILL.md": "a37a0aaa6ad5caa0db49da33e84567d4aa8eb872111ace110e9a0211a8ed89a5",
    ".codex/skills/dev-environment-parity/references/local-setup.md": "0da304360c54cb0183e3ef7492db7f37782c98629aea6c220239a97c21390de4",
    ".codex/skills/enrich-us/SKILL.md": "1ddb68c93ea783349c9effbccfd278e9349fd2e1b38149286c09faa2b07edf46",
    ".codex/skills/explain/SKILL.md": "eb6a612355f6e5eb969572924b68f0ff256fdbc3ff93c5fec9b6c3dca818b98f",
    ".codex/skills/legacy-seed-removal/SKILL.md": "00bcb4f6b4a50beae025e396a581ef56fe2f837fe58ec0f0c0c2253a7b20daac",
    ".codex/skills/meta-prompt/SKILL.md": "b4ca59b964769fceccd75b34c507a3149e9caae2315ca2e909b7eb25e544cb1c",
    ".codex/skills/observability-and-slo/SKILL.md": "665e01f7a3a962c29db76416c708eedd604813d710a1abdd31c032df6f8fd6a9",
    ".codex/skills/observability-and-slo/references/incident-review.md": "03e30e38569070f55ec0e2ba6fd78030f9265187f224fd6ce9a27eef01e1b70b",
    ".codex/skills/openspec-apply-change/SKILL.md": "7aa305a7b6c43c7ee13236e99827a8aadc3f1c29b1a64a4359aa7ae191b99493",
    ".codex/skills/openspec-archive-change/SKILL.md": "ce453789fc3205c9ffe4bcbf8a0196823cca7b895332b5177babcb849009baa7",
    ".codex/skills/openspec-continue-change/SKILL.md": "a3aacc5154de0a0668a13dcb0462126a59dd272d70c8fb9460c5b2e24889286f",
    ".codex/skills/openspec-explore/SKILL.md": "a433437c57459266290518a9a988be60a401563b4a4ab16d6e18161650bf378b",
    ".codex/skills/openspec-ff-change/SKILL.md": "9066f4374ddca55a3134f097185870c4ca6a33d2758b1707a9ff54d4609e52e5",
    ".codex/skills/openspec-propose/SKILL.md": "4aa48870fad6c8183ade246bb5e01f55e22ec105115049b19d88f1be88f93124",
    ".codex/skills/openspec-sync-specs/SKILL.md": "c7e7690a210c6df5a14139919180c9735a9f25ac9bbda8e2ff0704bd774dd792",
    ".codex/skills/openspec-verify-change/SKILL.md": "522c0fc9d34d22e67d5272b02fe66faadfd97b218d9a3f19a4c9572f9525b775",
    ".codex/skills/promoting-a-build/SKILL.md": "7c89cfcf7d20b79c2787265d82b3f3a65f929f67c369ab6cd13d0efd50e86fe1",
    ".codex/skills/promoting-a-build/references/artifact-identity.md": "70e3f185a2e1132985080a231090e16649cabb8bdffc19bc22b340c33b9dc5bf",
    ".codex/skills/promoting-a-build/references/promotion-checklist.md": "0dd3a6dbfdf391c2a3b1fae83fb03bf5db50dbecc93e61de70272c2feb9ca741",
    ".codex/skills/promoting-a-build/references/rollback-drill.md": "ea4dbd1efcc8b9fbf378e76614e503de20684b9c63725c13a856b23e71acccfd",
    ".codex/skills/show-spec-working/SKILL.md": "c71398a0ceae683de79294af0e17d44f418179eb55ab937967a8976956d11f8a",
    ".codex/skills/triaging-spec-debt/SKILL.md": "c30cf2468b267c9e79a86cdabae7494299782fee3432c7342662dc342f418f71",
    ".codex/skills/triaging-spec-debt/references/triage-session.md": "b10063248b527d9d3f0bec596fa4ca694248c8321615b73a4837ed7b01857532",
    ".codex/skills/update-docs/SKILL.md": "d2a804e2baf24c659e9e98ccf49ea57496f6be13e6e7c2826c8fe542fcd63452",
    ".codex/skills/using-git-worktrees/SKILL.md": "268b43a1092e0a53cad6951e42dee8744191ee9c7ace30ef77cf496b348aa439",
    ".codex/skills/verifying-a-deployment/SKILL.md": "c9f8a4330955f9afe2d03386e7f785907792f5b476a027bb9fa4ad90e84f757e",
    ".codex/skills/verifying-a-deployment/references/dependency-failure-modes.md": "8e8a26909691254138356c6b150ec9fc748d93ce14056a42a119fced81eb4863",
    ".codex/skills/verifying-a-deployment/references/gate-catalog.md": "b4e27dc655e0a26203b1b483999f4f1723fb4af9839f0156c4dc29aeccaecac1",
    ".codex/skills/writing-skills/SKILL.md": "bbf7ae668dce5dd1eec7d39d08292e80cb599c3401c2616f46c55cfe5b045f28",
    ".codex/skills/writing-skills/anthropic-best-practices.md": "ba615092c840ed048ba35e5fd799810a50355f0058b312e929eac459196abd1b",
    ".codex/skills/writing-skills/examples/CLAUDE_MD_TESTING.md": "e4ba28d4f27415827d8c387e53f3aa3336cab45ec67eb3fc122d877a7a543de3",
    ".codex/skills/writing-skills/graphviz-conventions.dot": "b8c613ca2398a5e2037308ce06b0b8bee9f4ae4701b236d74de6b5cfb5535d07",
    ".codex/skills/writing-skills/persuasion-principles.md": "22202b4b20d42c423b5078cbb68f9a4ba3de74607626a67ebbf526df4a75adb3",
    ".codex/skills/writing-skills/render-graphs.js": "d1fd269f9febc46c7e3deb21617ef8a02a7440f181d3dc4326db3b4101cbedc6",
    ".codex/skills/writing-skills/testing-skills-with-subagents.md": "12a4e2b85493983b1faee9ba082e3ffb8bf5823fa39105b6d20ec4aae091afe6",
    ".codex/standards/backend.md": "9d3fcf128ab2ed97530e3b006b4deca0f71a910cfb9419f40aa6f0980605fbfe",
    ".codex/standards/infrastructure.md": "b7049154d41ad1b11c73c70601c8317e3ab56942d43fedcf8d4c5da5c0ed31a0",
    ".codex/standards/mobile-frontend.md": "112c0cad455822793213920e0e77bff01751fc874662cdf763fa087a8b85ffb8",
    ".codex/standards/product.md": "b6ce74aef32506dcfcf00e3bee7142cbcf721cbf1f3ee29ff884fe687c05a2fd",
    ".cursor/agents/backend-developer.md": "f698a4781746e608f8ef3d94de8c8828b9a41d53c40c0661e1c6589bd7b9b76c",
    ".cursor/agents/infrastructure-developer.md": "28da6e5384ee9c74122c1f5f2e7444e182a81cd036074cf40df76a42700df41b",
    ".cursor/agents/mobile-frontend-developer.md": "c4b5cdd89fcde7652bbba1d782d7dd5c338185943f39716c9cddde8f13d2a2e0",
    ".cursor/agents/product-strategy-analyst.md": "9b20ee8dd0577adf4085e77fe7a80c128d44701d51330dec6dd36ef66b708143",
    ".cursor/commands/opsx-apply.md": "fc34647377c2ab3d9978076d17ba1affaa39994a7534cea42070ad660dc83f47",
    ".cursor/commands/opsx-archive.md": "3b6e1d06c0f38b5d08b3f8f716df6f6b1691b0e8b406ea3faa386e12bd28fff3",
    ".cursor/commands/opsx-continue.md": "0e7dde7be5ff3371ddcd425e61d94f87a70b7537fa68170d617a8a6fb644e874",
    ".cursor/commands/opsx-explore.md": "bb0f5188eb1633ace6f4768d32748cfa73ff49cd9d3c337f0dd86263cd8357b2",
    ".cursor/commands/opsx-ff.md": "7e115e4907f170928b9a547cdde74139f0d36fd200d2ddacb8c72a74c5c4d330",
    ".cursor/commands/opsx-propose.md": "d2115be6e9d928379e01d90ca30278ee797d7712f6c6331a3f5aea442d934cd6",
    ".cursor/commands/opsx-sync.md": "74c8aeadc3d55e3787f2f5e2a76c9602baa3f3efbadea37625b3466d0c9c0ad8",
    ".cursor/commands/opsx-verify.md": "227872161dc8440087f1826ff12817d40d1210aa154def730b75066d5f279a69",
    ".cursor/commands/pipeline-preflight.md": "99113ab41e2639fe6a62a64d7c4275e87db14827d9379fda24d34d88a2b46762",
    ".cursor/rules/agent.mdc": "35a8cf2074e21a44f8d3006dff09537bb8a69e1f5c5f1e7c8273e9c3b2feefc3",
    ".cursor/skills/adversarial-review/SKILL.md": "70fbcf90fd858fc4bb07c834b3f315ce1b7e5316c46bfa0061bf0438c365e739",
    ".cursor/skills/code-auditing/SKILL.md": "818d1714361e3c6ff6f47d770e857a0b4d81df96a4cad4efd1572fd5d919cc2f",
    ".cursor/skills/code-auditing/references/audit-methodology.md": "dd1fb9087a6747022c547f46f24e48c9dbc0f7d22c38e7263a862a2f37a530c3",
    ".cursor/skills/code-auditing/references/dead-code-methodology.md": "d3609a67d8f49b18cab93bfaba26ace6e31c45e39c83ef6d266a8be022b9e6e1",
    ".cursor/skills/commit/SKILL.md": "839037725fdc3fd9e917238b260da50ab5bfbff231a80fd7f197336cec259e9a",
    ".cursor/skills/defining-project-quality-gates/SKILL.md": "b76f96836be224b986d1cf38cae4f47c1956f6361f192bd9c854226c35f9bb80",
    ".cursor/skills/defining-project-quality-gates/references/failing-loudly.md": "b71580e33dc51b4c8264524355fed82c8aa32d4f61cb40cda091556a18b9398d",
    ".cursor/skills/defining-project-quality-gates/references/gate-tiers.md": "f0e6d9e78f959c469a89908efc300add33fd7c68d4d39ebf4f71ef895d17d2bb",
    ".cursor/skills/deploying-backend-vps/SKILL.md": "aeb950ac4c69f852ce36f28a98f37ae5d0a0600bee424cfd2de73d26dea20fe6",
    ".cursor/skills/deploying-backend-vps/references/env-matrix.md": "e6b87cd34f5cc1cdaaff5376e81cd026baa3c25e375447df2058bdad7cc9e26e",
    ".cursor/skills/deploying-backend-vps/references/media-and-minio.md": "9486a1b9d3b504a92d7a9ca7025b9f293cd091f2dedcf05d04a20da58f9d8978",
    ".cursor/skills/deploying-backend-vps/references/report-template.md": "f34ba110c5f2b9cc1d4ad325d9599da7ca1034e1f0da2b8d9cc3f9f1bc1e49c3",
    ".cursor/skills/deploying-backend-vps/references/troubleshooting.md": "5b50f4539af671f6e3ef6e724e8a30864a5f25cc2f38153054e8be032e68027e",
    ".cursor/skills/dev-environment-parity/SKILL.md": "a37a0aaa6ad5caa0db49da33e84567d4aa8eb872111ace110e9a0211a8ed89a5",
    ".cursor/skills/dev-environment-parity/references/local-setup.md": "0da304360c54cb0183e3ef7492db7f37782c98629aea6c220239a97c21390de4",
    ".cursor/skills/enrich-us/SKILL.md": "1ddb68c93ea783349c9effbccfd278e9349fd2e1b38149286c09faa2b07edf46",
    ".cursor/skills/explain/SKILL.md": "eb6a612355f6e5eb969572924b68f0ff256fdbc3ff93c5fec9b6c3dca818b98f",
    ".cursor/skills/legacy-seed-removal/SKILL.md": "00bcb4f6b4a50beae025e396a581ef56fe2f837fe58ec0f0c0c2253a7b20daac",
    ".cursor/skills/meta-prompt/SKILL.md": "b4ca59b964769fceccd75b34c507a3149e9caae2315ca2e909b7eb25e544cb1c",
    ".cursor/skills/observability-and-slo/SKILL.md": "665e01f7a3a962c29db76416c708eedd604813d710a1abdd31c032df6f8fd6a9",
    ".cursor/skills/observability-and-slo/references/incident-review.md": "03e30e38569070f55ec0e2ba6fd78030f9265187f224fd6ce9a27eef01e1b70b",
    ".cursor/skills/openspec-apply-change/SKILL.md": "7aa305a7b6c43c7ee13236e99827a8aadc3f1c29b1a64a4359aa7ae191b99493",
    ".cursor/skills/openspec-archive-change/SKILL.md": "ce453789fc3205c9ffe4bcbf8a0196823cca7b895332b5177babcb849009baa7",
    ".cursor/skills/openspec-continue-change/SKILL.md": "a3aacc5154de0a0668a13dcb0462126a59dd272d70c8fb9460c5b2e24889286f",
    ".cursor/skills/openspec-explore/SKILL.md": "a433437c57459266290518a9a988be60a401563b4a4ab16d6e18161650bf378b",
    ".cursor/skills/openspec-ff-change/SKILL.md": "9066f4374ddca55a3134f097185870c4ca6a33d2758b1707a9ff54d4609e52e5",
    ".cursor/skills/openspec-propose/SKILL.md": "4aa48870fad6c8183ade246bb5e01f55e22ec105115049b19d88f1be88f93124",
    ".cursor/skills/openspec-sync-specs/SKILL.md": "c7e7690a210c6df5a14139919180c9735a9f25ac9bbda8e2ff0704bd774dd792",
    ".cursor/skills/openspec-verify-change/SKILL.md": "522c0fc9d34d22e67d5272b02fe66faadfd97b218d9a3f19a4c9572f9525b775",
    ".cursor/skills/promoting-a-build/SKILL.md": "7c89cfcf7d20b79c2787265d82b3f3a65f929f67c369ab6cd13d0efd50e86fe1",
    ".cursor/skills/promoting-a-build/references/artifact-identity.md": "70e3f185a2e1132985080a231090e16649cabb8bdffc19bc22b340c33b9dc5bf",
    ".cursor/skills/promoting-a-build/references/promotion-checklist.md": "0dd3a6dbfdf391c2a3b1fae83fb03bf5db50dbecc93e61de70272c2feb9ca741",
    ".cursor/skills/promoting-a-build/references/rollback-drill.md": "ea4dbd1efcc8b9fbf378e76614e503de20684b9c63725c13a856b23e71acccfd",
    ".cursor/skills/show-spec-working/SKILL.md": "c71398a0ceae683de79294af0e17d44f418179eb55ab937967a8976956d11f8a",
    ".cursor/skills/triaging-spec-debt/SKILL.md": "c30cf2468b267c9e79a86cdabae7494299782fee3432c7342662dc342f418f71",
    ".cursor/skills/triaging-spec-debt/references/triage-session.md": "b10063248b527d9d3f0bec596fa4ca694248c8321615b73a4837ed7b01857532",
    ".cursor/skills/update-docs/SKILL.md": "d2a804e2baf24c659e9e98ccf49ea57496f6be13e6e7c2826c8fe542fcd63452",
    ".cursor/skills/using-git-worktrees/SKILL.md": "268b43a1092e0a53cad6951e42dee8744191ee9c7ace30ef77cf496b348aa439",
    ".cursor/skills/verifying-a-deployment/SKILL.md": "c9f8a4330955f9afe2d03386e7f785907792f5b476a027bb9fa4ad90e84f757e",
    ".cursor/skills/verifying-a-deployment/references/dependency-failure-modes.md": "8e8a26909691254138356c6b150ec9fc748d93ce14056a42a119fced81eb4863",
    ".cursor/skills/verifying-a-deployment/references/gate-catalog.md": "b4e27dc655e0a26203b1b483999f4f1723fb4af9839f0156c4dc29aeccaecac1",
    ".cursor/skills/writing-skills/SKILL.md": "bbf7ae668dce5dd1eec7d39d08292e80cb599c3401c2616f46c55cfe5b045f28",
    ".cursor/skills/writing-skills/anthropic-best-practices.md": "ba615092c840ed048ba35e5fd799810a50355f0058b312e929eac459196abd1b",
    ".cursor/skills/writing-skills/examples/CLAUDE_MD_TESTING.md": "e4ba28d4f27415827d8c387e53f3aa3336cab45ec67eb3fc122d877a7a543de3",
    ".cursor/skills/writing-skills/graphviz-conventions.dot": "b8c613ca2398a5e2037308ce06b0b8bee9f4ae4701b236d74de6b5cfb5535d07",
    ".cursor/skills/writing-skills/persuasion-principles.md": "22202b4b20d42c423b5078cbb68f9a4ba3de74607626a67ebbf526df4a75adb3",
    ".cursor/skills/writing-skills/render-graphs.js": "d1fd269f9febc46c7e3deb21617ef8a02a7440f181d3dc4326db3b4101cbedc6",
    ".cursor/skills/writing-skills/testing-skills-with-subagents.md": "12a4e2b85493983b1faee9ba082e3ffb8bf5823fa39105b6d20ec4aae091afe6",
    ".cursor/standards/backend.md": "9d3fcf128ab2ed97530e3b006b4deca0f71a910cfb9419f40aa6f0980605fbfe",
    ".cursor/standards/infrastructure.md": "b7049154d41ad1b11c73c70601c8317e3ab56942d43fedcf8d4c5da5c0ed31a0",
    ".cursor/standards/mobile-frontend.md": "112c0cad455822793213920e0e77bff01751fc874662cdf763fa087a8b85ffb8",
    ".cursor/standards/product.md": "b6ce74aef32506dcfcf00e3bee7142cbcf721cbf1f3ee29ff884fe687c05a2fd",
    ".gemini/agents/backend-developer.md": "f698a4781746e608f8ef3d94de8c8828b9a41d53c40c0661e1c6589bd7b9b76c",
    ".gemini/agents/infrastructure-developer.md": "28da6e5384ee9c74122c1f5f2e7444e182a81cd036074cf40df76a42700df41b",
    ".gemini/agents/mobile-frontend-developer.md": "c4b5cdd89fcde7652bbba1d782d7dd5c338185943f39716c9cddde8f13d2a2e0",
    ".gemini/agents/product-strategy-analyst.md": "9b20ee8dd0577adf4085e77fe7a80c128d44701d51330dec6dd36ef66b708143",
    ".gemini/commands/opsx/apply.toml": "34f63e1344e003a10d41fda280f9fb5452dc2b755b215266d13b072a68cc1ca1",
    ".gemini/commands/opsx/archive.toml": "9069bb7a9c6e193039733da3734c7e49912452520f2c24472d89f15ca6230850",
    ".gemini/commands/opsx/continue.toml": "f6ce5ba9a00150495d3fe3ef38f34c722ac6803577b79873fc9339bd0168f09d",
    ".gemini/commands/opsx/explore.toml": "f444cc6cf7e9f87740b4c13ad375879fb023881dda7012911bf0e6971f14f106",
    ".gemini/commands/opsx/ff.toml": "54283e95a08e560d26225bc98a9736a4fc35edf6f9adad4557273561bc55131b",
    ".gemini/commands/opsx/propose.toml": "9e9f12bd706e0e3703e490430c8a96dc70fde6ce30cb85a49dd5ef4cd059cdae",
    ".gemini/commands/opsx/sync.toml": "99dff4cccdc3667582459a55a7596b9a121c57a0223c79c0683e7fab96a92a9b",
    ".gemini/commands/opsx/verify.toml": "e51723c798053f6aa1aa5d363af3ec4a2a86858daf43d323287bae5661dff8f9",
    ".gemini/commands/pipeline-preflight.md": "99113ab41e2639fe6a62a64d7c4275e87db14827d9379fda24d34d88a2b46762",
    ".gemini/skills/adversarial-review/SKILL.md": "70fbcf90fd858fc4bb07c834b3f315ce1b7e5316c46bfa0061bf0438c365e739",
    ".gemini/skills/code-auditing/SKILL.md": "818d1714361e3c6ff6f47d770e857a0b4d81df96a4cad4efd1572fd5d919cc2f",
    ".gemini/skills/code-auditing/references/audit-methodology.md": "dd1fb9087a6747022c547f46f24e48c9dbc0f7d22c38e7263a862a2f37a530c3",
    ".gemini/skills/code-auditing/references/dead-code-methodology.md": "d3609a67d8f49b18cab93bfaba26ace6e31c45e39c83ef6d266a8be022b9e6e1",
    ".gemini/skills/commit/SKILL.md": "839037725fdc3fd9e917238b260da50ab5bfbff231a80fd7f197336cec259e9a",
    ".gemini/skills/defining-project-quality-gates/SKILL.md": "b76f96836be224b986d1cf38cae4f47c1956f6361f192bd9c854226c35f9bb80",
    ".gemini/skills/defining-project-quality-gates/references/failing-loudly.md": "b71580e33dc51b4c8264524355fed82c8aa32d4f61cb40cda091556a18b9398d",
    ".gemini/skills/defining-project-quality-gates/references/gate-tiers.md": "f0e6d9e78f959c469a89908efc300add33fd7c68d4d39ebf4f71ef895d17d2bb",
    ".gemini/skills/deploying-backend-vps/SKILL.md": "aeb950ac4c69f852ce36f28a98f37ae5d0a0600bee424cfd2de73d26dea20fe6",
    ".gemini/skills/deploying-backend-vps/references/env-matrix.md": "e6b87cd34f5cc1cdaaff5376e81cd026baa3c25e375447df2058bdad7cc9e26e",
    ".gemini/skills/deploying-backend-vps/references/media-and-minio.md": "9486a1b9d3b504a92d7a9ca7025b9f293cd091f2dedcf05d04a20da58f9d8978",
    ".gemini/skills/deploying-backend-vps/references/report-template.md": "f34ba110c5f2b9cc1d4ad325d9599da7ca1034e1f0da2b8d9cc3f9f1bc1e49c3",
    ".gemini/skills/deploying-backend-vps/references/troubleshooting.md": "5b50f4539af671f6e3ef6e724e8a30864a5f25cc2f38153054e8be032e68027e",
    ".gemini/skills/dev-environment-parity/SKILL.md": "a37a0aaa6ad5caa0db49da33e84567d4aa8eb872111ace110e9a0211a8ed89a5",
    ".gemini/skills/dev-environment-parity/references/local-setup.md": "0da304360c54cb0183e3ef7492db7f37782c98629aea6c220239a97c21390de4",
    ".gemini/skills/enrich-us/SKILL.md": "1ddb68c93ea783349c9effbccfd278e9349fd2e1b38149286c09faa2b07edf46",
    ".gemini/skills/explain/SKILL.md": "eb6a612355f6e5eb969572924b68f0ff256fdbc3ff93c5fec9b6c3dca818b98f",
    ".gemini/skills/legacy-seed-removal/SKILL.md": "00bcb4f6b4a50beae025e396a581ef56fe2f837fe58ec0f0c0c2253a7b20daac",
    ".gemini/skills/meta-prompt/SKILL.md": "b4ca59b964769fceccd75b34c507a3149e9caae2315ca2e909b7eb25e544cb1c",
    ".gemini/skills/observability-and-slo/SKILL.md": "665e01f7a3a962c29db76416c708eedd604813d710a1abdd31c032df6f8fd6a9",
    ".gemini/skills/observability-and-slo/references/incident-review.md": "03e30e38569070f55ec0e2ba6fd78030f9265187f224fd6ce9a27eef01e1b70b",
    ".gemini/skills/openspec-apply-change/SKILL.md": "7aa305a7b6c43c7ee13236e99827a8aadc3f1c29b1a64a4359aa7ae191b99493",
    ".gemini/skills/openspec-archive-change/SKILL.md": "ce453789fc3205c9ffe4bcbf8a0196823cca7b895332b5177babcb849009baa7",
    ".gemini/skills/openspec-continue-change/SKILL.md": "a3aacc5154de0a0668a13dcb0462126a59dd272d70c8fb9460c5b2e24889286f",
    ".gemini/skills/openspec-explore/SKILL.md": "a433437c57459266290518a9a988be60a401563b4a4ab16d6e18161650bf378b",
    ".gemini/skills/openspec-ff-change/SKILL.md": "9066f4374ddca55a3134f097185870c4ca6a33d2758b1707a9ff54d4609e52e5",
    ".gemini/skills/openspec-propose/SKILL.md": "4aa48870fad6c8183ade246bb5e01f55e22ec105115049b19d88f1be88f93124",
    ".gemini/skills/openspec-sync-specs/SKILL.md": "c7e7690a210c6df5a14139919180c9735a9f25ac9bbda8e2ff0704bd774dd792",
    ".gemini/skills/openspec-verify-change/SKILL.md": "522c0fc9d34d22e67d5272b02fe66faadfd97b218d9a3f19a4c9572f9525b775",
    ".gemini/skills/promoting-a-build/SKILL.md": "7c89cfcf7d20b79c2787265d82b3f3a65f929f67c369ab6cd13d0efd50e86fe1",
    ".gemini/skills/promoting-a-build/references/artifact-identity.md": "70e3f185a2e1132985080a231090e16649cabb8bdffc19bc22b340c33b9dc5bf",
    ".gemini/skills/promoting-a-build/references/promotion-checklist.md": "0dd3a6dbfdf391c2a3b1fae83fb03bf5db50dbecc93e61de70272c2feb9ca741",
    ".gemini/skills/promoting-a-build/references/rollback-drill.md": "ea4dbd1efcc8b9fbf378e76614e503de20684b9c63725c13a856b23e71acccfd",
    ".gemini/skills/show-spec-working/SKILL.md": "c71398a0ceae683de79294af0e17d44f418179eb55ab937967a8976956d11f8a",
    ".gemini/skills/triaging-spec-debt/SKILL.md": "c30cf2468b267c9e79a86cdabae7494299782fee3432c7342662dc342f418f71",
    ".gemini/skills/triaging-spec-debt/references/triage-session.md": "b10063248b527d9d3f0bec596fa4ca694248c8321615b73a4837ed7b01857532",
    ".gemini/skills/update-docs/SKILL.md": "d2a804e2baf24c659e9e98ccf49ea57496f6be13e6e7c2826c8fe542fcd63452",
    ".gemini/skills/using-git-worktrees/SKILL.md": "268b43a1092e0a53cad6951e42dee8744191ee9c7ace30ef77cf496b348aa439",
    ".gemini/skills/verifying-a-deployment/SKILL.md": "c9f8a4330955f9afe2d03386e7f785907792f5b476a027bb9fa4ad90e84f757e",
    ".gemini/skills/verifying-a-deployment/references/dependency-failure-modes.md": "8e8a26909691254138356c6b150ec9fc748d93ce14056a42a119fced81eb4863",
    ".gemini/skills/verifying-a-deployment/references/gate-catalog.md": "b4e27dc655e0a26203b1b483999f4f1723fb4af9839f0156c4dc29aeccaecac1",
    ".gemini/skills/writing-skills/SKILL.md": "bbf7ae668dce5dd1eec7d39d08292e80cb599c3401c2616f46c55cfe5b045f28",
    ".gemini/skills/writing-skills/anthropic-best-practices.md": "ba615092c840ed048ba35e5fd799810a50355f0058b312e929eac459196abd1b",
    ".gemini/skills/writing-skills/examples/CLAUDE_MD_TESTING.md": "e4ba28d4f27415827d8c387e53f3aa3336cab45ec67eb3fc122d877a7a543de3",
    ".gemini/skills/writing-skills/graphviz-conventions.dot": "b8c613ca2398a5e2037308ce06b0b8bee9f4ae4701b236d74de6b5cfb5535d07",
    ".gemini/skills/writing-skills/persuasion-principles.md": "22202b4b20d42c423b5078cbb68f9a4ba3de74607626a67ebbf526df4a75adb3",
    ".gemini/skills/writing-skills/render-graphs.js": "d1fd269f9febc46c7e3deb21617ef8a02a7440f181d3dc4326db3b4101cbedc6",
    ".gemini/skills/writing-skills/testing-skills-with-subagents.md": "12a4e2b85493983b1faee9ba082e3ffb8bf5823fa39105b6d20ec4aae091afe6",
    ".gemini/standards/backend.md": "9d3fcf128ab2ed97530e3b006b4deca0f71a910cfb9419f40aa6f0980605fbfe",
    ".gemini/standards/infrastructure.md": "b7049154d41ad1b11c73c70601c8317e3ab56942d43fedcf8d4c5da5c0ed31a0",
    ".gemini/standards/mobile-frontend.md": "112c0cad455822793213920e0e77bff01751fc874662cdf763fa087a8b85ffb8",
    ".gemini/standards/product.md": "b6ce74aef32506dcfcf00e3bee7142cbcf721cbf1f3ee29ff884fe687c05a2fd",
    ".opencode/agent/backend-developer.md": "c0ed3f4a7dfbcb8c10c688fcc4a461359c3f7c97af204b64b5e36f988904f54b",
    ".opencode/agent/infrastructure-developer.md": "efb34da2ad60906bc94552471750ac5e7b8af2f7518971fdcddc9aad1d2a350e",
    ".opencode/agent/mobile-frontend-developer.md": "1802758697fea2abb7cbd83979f35b4a9ed9f63dbdc480e9a6283dfdddfeed59",
    ".opencode/agent/product-strategy-analyst.md": "84c54f72fe5c5e6bf23c7508470d684695587d980206107ae4b4e03bfa83011e",
    ".opencode/commands/opsx-apply.md": "9602cff1a8ab1d74043b4f681f645207104c6ba59950c0092f0951221e9e3fb1",
    ".opencode/commands/opsx-archive.md": "c34665aad219bda8a57cedd2f322c1f3657df84df23038f72d4cdcfedbda53a5",
    ".opencode/commands/opsx-continue.md": "99aca3ffbd2f6edffddc35e25e4a14a67a61325b29cc44e921f86a371344b471",
    ".opencode/commands/opsx-explore.md": "47c2e4f47824877b8ed70524eddb9d8d428fdd4592c101e2122fecafb6ede77c",
    ".opencode/commands/opsx-ff.md": "67f041ced6107b83f0d67df9d8ae825136c08a867e1726e20b575046cd1682df",
    ".opencode/commands/opsx-propose.md": "5d859460d863f932729d53c45639027e6b82da23b491ca0e5aede3c9507b7db3",
    ".opencode/commands/opsx-sync.md": "a44f695c91525adf32cba47936dddb60b4a91f3f1bc9e8b6bc77b0da86e680f0",
    ".opencode/commands/opsx-verify.md": "956e979806afe3f232bc568fe7edd7f71f4259f98a668c20d3a62b9919a87d0e",
    ".opencode/commands/pipeline-preflight.md": "99113ab41e2639fe6a62a64d7c4275e87db14827d9379fda24d34d88a2b46762",
    ".opencode/skills/adversarial-review/SKILL.md": "70fbcf90fd858fc4bb07c834b3f315ce1b7e5316c46bfa0061bf0438c365e739",
    ".opencode/skills/code-auditing/SKILL.md": "818d1714361e3c6ff6f47d770e857a0b4d81df96a4cad4efd1572fd5d919cc2f",
    ".opencode/skills/code-auditing/references/audit-methodology.md": "dd1fb9087a6747022c547f46f24e48c9dbc0f7d22c38e7263a862a2f37a530c3",
    ".opencode/skills/code-auditing/references/dead-code-methodology.md": "d3609a67d8f49b18cab93bfaba26ace6e31c45e39c83ef6d266a8be022b9e6e1",
    ".opencode/skills/commit/SKILL.md": "839037725fdc3fd9e917238b260da50ab5bfbff231a80fd7f197336cec259e9a",
    ".opencode/skills/defining-project-quality-gates/SKILL.md": "b76f96836be224b986d1cf38cae4f47c1956f6361f192bd9c854226c35f9bb80",
    ".opencode/skills/defining-project-quality-gates/references/failing-loudly.md": "b71580e33dc51b4c8264524355fed82c8aa32d4f61cb40cda091556a18b9398d",
    ".opencode/skills/defining-project-quality-gates/references/gate-tiers.md": "f0e6d9e78f959c469a89908efc300add33fd7c68d4d39ebf4f71ef895d17d2bb",
    ".opencode/skills/deploying-backend-vps/SKILL.md": "aeb950ac4c69f852ce36f28a98f37ae5d0a0600bee424cfd2de73d26dea20fe6",
    ".opencode/skills/deploying-backend-vps/references/env-matrix.md": "e6b87cd34f5cc1cdaaff5376e81cd026baa3c25e375447df2058bdad7cc9e26e",
    ".opencode/skills/deploying-backend-vps/references/media-and-minio.md": "9486a1b9d3b504a92d7a9ca7025b9f293cd091f2dedcf05d04a20da58f9d8978",
    ".opencode/skills/deploying-backend-vps/references/report-template.md": "f34ba110c5f2b9cc1d4ad325d9599da7ca1034e1f0da2b8d9cc3f9f1bc1e49c3",
    ".opencode/skills/deploying-backend-vps/references/troubleshooting.md": "5b50f4539af671f6e3ef6e724e8a30864a5f25cc2f38153054e8be032e68027e",
    ".opencode/skills/dev-environment-parity/SKILL.md": "a37a0aaa6ad5caa0db49da33e84567d4aa8eb872111ace110e9a0211a8ed89a5",
    ".opencode/skills/dev-environment-parity/references/local-setup.md": "0da304360c54cb0183e3ef7492db7f37782c98629aea6c220239a97c21390de4",
    ".opencode/skills/enrich-us/SKILL.md": "1ddb68c93ea783349c9effbccfd278e9349fd2e1b38149286c09faa2b07edf46",
    ".opencode/skills/explain/SKILL.md": "eb6a612355f6e5eb969572924b68f0ff256fdbc3ff93c5fec9b6c3dca818b98f",
    ".opencode/skills/legacy-seed-removal/SKILL.md": "00bcb4f6b4a50beae025e396a581ef56fe2f837fe58ec0f0c0c2253a7b20daac",
    ".opencode/skills/meta-prompt/SKILL.md": "b4ca59b964769fceccd75b34c507a3149e9caae2315ca2e909b7eb25e544cb1c",
    ".opencode/skills/observability-and-slo/SKILL.md": "665e01f7a3a962c29db76416c708eedd604813d710a1abdd31c032df6f8fd6a9",
    ".opencode/skills/observability-and-slo/references/incident-review.md": "03e30e38569070f55ec0e2ba6fd78030f9265187f224fd6ce9a27eef01e1b70b",
    ".opencode/skills/openspec-apply-change/SKILL.md": "26794aca481fcb9d024b7a7601b4bdaf61015bf5de10046942eed22abefa9028",
    ".opencode/skills/openspec-archive-change/SKILL.md": "ce453789fc3205c9ffe4bcbf8a0196823cca7b895332b5177babcb849009baa7",
    ".opencode/skills/openspec-continue-change/SKILL.md": "a3aacc5154de0a0668a13dcb0462126a59dd272d70c8fb9460c5b2e24889286f",
    ".opencode/skills/openspec-explore/SKILL.md": "cf84ddba69ea9ff42e5cf338e81f88b26ace7c91117651b1e1e9cda8a2ecf93a",
    ".opencode/skills/openspec-ff-change/SKILL.md": "47350f1623b3b42328889bcd074ccf13210773e7b25ce77ff93ffec5e9bc19d7",
    ".opencode/skills/openspec-propose/SKILL.md": "6e183c8f7870f3cd4190d8e7ec608adbe38de6918b20a18fcb5d0ee7bb47a522",
    ".opencode/skills/openspec-sync-specs/SKILL.md": "c7e7690a210c6df5a14139919180c9735a9f25ac9bbda8e2ff0704bd774dd792",
    ".opencode/skills/openspec-verify-change/SKILL.md": "522c0fc9d34d22e67d5272b02fe66faadfd97b218d9a3f19a4c9572f9525b775",
    ".opencode/skills/promoting-a-build/SKILL.md": "7c89cfcf7d20b79c2787265d82b3f3a65f929f67c369ab6cd13d0efd50e86fe1",
    ".opencode/skills/promoting-a-build/references/artifact-identity.md": "70e3f185a2e1132985080a231090e16649cabb8bdffc19bc22b340c33b9dc5bf",
    ".opencode/skills/promoting-a-build/references/promotion-checklist.md": "0dd3a6dbfdf391c2a3b1fae83fb03bf5db50dbecc93e61de70272c2feb9ca741",
    ".opencode/skills/promoting-a-build/references/rollback-drill.md": "ea4dbd1efcc8b9fbf378e76614e503de20684b9c63725c13a856b23e71acccfd",
    ".opencode/skills/show-spec-working/SKILL.md": "c71398a0ceae683de79294af0e17d44f418179eb55ab937967a8976956d11f8a",
    ".opencode/skills/triaging-spec-debt/SKILL.md": "c30cf2468b267c9e79a86cdabae7494299782fee3432c7342662dc342f418f71",
    ".opencode/skills/triaging-spec-debt/references/triage-session.md": "b10063248b527d9d3f0bec596fa4ca694248c8321615b73a4837ed7b01857532",
    ".opencode/skills/update-docs/SKILL.md": "d2a804e2baf24c659e9e98ccf49ea57496f6be13e6e7c2826c8fe542fcd63452",
    ".opencode/skills/using-git-worktrees/SKILL.md": "268b43a1092e0a53cad6951e42dee8744191ee9c7ace30ef77cf496b348aa439",
    ".opencode/skills/verifying-a-deployment/SKILL.md": "c9f8a4330955f9afe2d03386e7f785907792f5b476a027bb9fa4ad90e84f757e",
    ".opencode/skills/verifying-a-deployment/references/dependency-failure-modes.md": "8e8a26909691254138356c6b150ec9fc748d93ce14056a42a119fced81eb4863",
    ".opencode/skills/verifying-a-deployment/references/gate-catalog.md": "b4e27dc655e0a26203b1b483999f4f1723fb4af9839f0156c4dc29aeccaecac1",
    ".opencode/skills/writing-skills/SKILL.md": "bbf7ae668dce5dd1eec7d39d08292e80cb599c3401c2616f46c55cfe5b045f28",
    ".opencode/skills/writing-skills/anthropic-best-practices.md": "ba615092c840ed048ba35e5fd799810a50355f0058b312e929eac459196abd1b",
    ".opencode/skills/writing-skills/examples/CLAUDE_MD_TESTING.md": "e4ba28d4f27415827d8c387e53f3aa3336cab45ec67eb3fc122d877a7a543de3",
    ".opencode/skills/writing-skills/graphviz-conventions.dot": "b8c613ca2398a5e2037308ce06b0b8bee9f4ae4701b236d74de6b5cfb5535d07",
    ".opencode/skills/writing-skills/persuasion-principles.md": "22202b4b20d42c423b5078cbb68f9a4ba3de74607626a67ebbf526df4a75adb3",
    ".opencode/skills/writing-skills/render-graphs.js": "d1fd269f9febc46c7e3deb21617ef8a02a7440f181d3dc4326db3b4101cbedc6",
    ".opencode/skills/writing-skills/testing-skills-with-subagents.md": "12a4e2b85493983b1faee9ba082e3ffb8bf5823fa39105b6d20ec4aae091afe6",
    ".opencode/standards/backend.md": "9d3fcf128ab2ed97530e3b006b4deca0f71a910cfb9419f40aa6f0980605fbfe",
    ".opencode/standards/infrastructure.md": "b7049154d41ad1b11c73c70601c8317e3ab56942d43fedcf8d4c5da5c0ed31a0",
    ".opencode/standards/mobile-frontend.md": "112c0cad455822793213920e0e77bff01751fc874662cdf763fa087a8b85ffb8",
    ".opencode/standards/product.md": "b6ce74aef32506dcfcf00e3bee7142cbcf721cbf1f3ee29ff884fe687c05a2fd",
    "AGENTS.md": "8eddfcc0ce252347ee3e60e33535a2245ae5d3c29d0015fc54c5151e7200b50e",
    "CLAUDE.md": "a174966cae0521f73b5648e02cc740a1c62679ad22d824e6195e2674d7cf6333",
    "GEMINI.md": "64fa44e7d15961755fa85cea14b016698f7a799e48253bb4b349102adbc266ef",
    "codex.md": "9df9fdc6eb9bd73028bd9fa96016b7da7d208975e783da0078ebdb8f317c6cc8"
  },
  "harness": "1.6.0",
  "openspec": "1.4.1",
  "targets": [
    "claude",
    "codex",
    "cursor",
    "gemini",
    "opencode"
  ]
}
